// !$*UTF8*$!
{
	archiveVersion = 1;
	classes = {
	};
	objectVersion = 46;
	objects = {

/* Begin PBXBuildFile section */
		413AABDFE1E219E7AA361EDF /* Pods_Sofia_Swing_Dance_Festival.framework in Frameworks */ = {isa = PBXBuildFile; fileRef = FEA7C3340BF4BD43AB6C81DB /* Pods_Sofia_Swing_Dance_Festival.framework */; settings = {ATTRIBUTES = (Weak, ); }; };
		F7089E0F1D411EEA00637998 /* LogoSwingAOut.jpg in Resources */ = {isa = PBXBuildFile; fileRef = F7089E0E1D411EEA00637998 /* LogoSwingAOut.jpg */; };
		F7089E111D4129AB00637998 /* Logo.png in Resources */ = {isa = PBXBuildFile; fileRef = F7089E101D4129AB00637998 /* Logo.png */; };
		F733BA991D4B6BE6007A013E /* Teachers.xcassets in Resources */ = {isa = PBXBuildFile; fileRef = F733BA981D4B6BE6007A013E /* Teachers.xcassets */; };
		F7601F2C1CF5C8EB00C91186 /* lindyhop.bg-logo 2.png in Resources */ = {isa = PBXBuildFile; fileRef = F7601F2B1CF5C8EB00C91186 /* lindyhop.bg-logo 2.png */; };
		F7601F2E1CF5C9A000C91186 /* lindyhop.bg-logo 3.png in Resources */ = {isa = PBXBuildFile; fileRef = F7601F2D1CF5C9A000C91186 /* lindyhop.bg-logo 3.png */; };
		F793B9CC1CE8B397003DA653 /* NewsPageController.swift in Sources */ = {isa = PBXBuildFile; fileRef = F793B9CB1CE8B397003DA653 /* NewsPageController.swift */; };
		F793B9CE1CE8B514003DA653 /* header.jpg in Resources */ = {isa = PBXBuildFile; fileRef = F793B9CD1CE8B514003DA653 /* header.jpg */; };
		F7A9DC861CE737270086297E /* AppDelegate.swift in Sources */ = {isa = PBXBuildFile; fileRef = F7A9DC851CE737270086297E /* AppDelegate.swift */; };
		F7A9DC8D1CE737270086297E /* Main.storyboard in Resources */ = {isa = PBXBuildFile; fileRef = F7A9DC8B1CE737270086297E /* Main.storyboard */; };
		F7A9DC921CE737270086297E /* LaunchScreen.storyboard in Resources */ = {isa = PBXBuildFile; fileRef = F7A9DC901CE737270086297E /* LaunchScreen.storyboard */; };
		F7A9DC9D1CE737270086297E /* Sofia_Swing_Dance_FestivalTests.swift in Sources */ = {isa = PBXBuildFile; fileRef = F7A9DC9C1CE737270086297E /* Sofia_Swing_Dance_FestivalTests.swift */; };
		F7A9DCA81CE737270086297E /* Sofia_Swing_Dance_FestivalUITests.swift in Sources */ = {isa = PBXBuildFile; fileRef = F7A9DCA71CE737270086297E /* Sofia_Swing_Dance_FestivalUITests.swift */; };
		F7A9DCB71CE73D6D0086297E /* NewsController.swift in Sources */ = {isa = PBXBuildFile; fileRef = F7A9DCB61CE73D6D0086297E /* NewsController.swift */; };
		F7A9DCBD1CE752950086297E /* Media.xcassets in Resources */ = {isa = PBXBuildFile; fileRef = F7A9DCBC1CE752950086297E /* Media.xcassets */; };
		F7A9DCC51CE76C7D0086297E /* TeachersController.swift in Sources */ = {isa = PBXBuildFile; fileRef = F7A9DCC41CE76C7D0086297E /* TeachersController.swift */; };
		F7E14CE11CE79B4D009F24A2 /* InstructorPageViewController.swift in Sources */ = {isa = PBXBuildFile; fileRef = F7E14CE01CE79B4D009F24A2 /* InstructorPageViewController.swift */; };
		F7E14CE31CE8A08E009F24A2 /* ContactController.swift in Sources */ = {isa = PBXBuildFile; fileRef = F7E14CE21CE8A08E009F24A2 /* ContactController.swift */; };
		F7E14CE51CE8A4EB009F24A2 /* CompetitionsController.swift in Sources */ = {isa = PBXBuildFile; fileRef = F7E14CE41CE8A4EB009F24A2 /* CompetitionsController.swift */; };
		F7F29E821CEC691A00A1BC9A /* json.swift in Sources */ = {isa = PBXBuildFile; fileRef = F7F29E811CEC691A00A1BC9A /* json.swift */; };
		F7F29E841CEC69D200A1BC9A /* Feed.swift in Sources */ = {isa = PBXBuildFile; fileRef = F7F29E831CEC69D200A1BC9A /* Feed.swift */; };
		F7F29E861CECA9FB00A1BC9A /* PlacesViewController.swift in Sources */ = {isa = PBXBuildFile; fileRef = F7F29E851CECA9FB00A1BC9A /* PlacesViewController.swift */; };
		F7F29E881CECB08E00A1BC9A /* CoreLocation.framework in Frameworks */ = {isa = PBXBuildFile; fileRef = F7F29E871CECB08E00A1BC9A /* CoreLocation.framework */; };
		F7F29E8A1CECBA8900A1BC9A /* Location.swift in Sources */ = {isa = PBXBuildFile; fileRef = F7F29E891CECBA8900A1BC9A /* Location.swift */; };
		F7F29E8C1CECC9B200A1BC9A /* LocationCellTableViewCell.swift in Sources */ = {isa = PBXBuildFile; fileRef = F7F29E8B1CECC9B200A1BC9A /* LocationCellTableViewCell.swift */; };
		F7F29E8E1CED2BD300A1BC9A /* ProgramaTableViewController.swift in Sources */ = {isa = PBXBuildFile; fileRef = F7F29E8D1CED2BD300A1BC9A /* ProgramaTableViewController.swift */; };
		F7F29E901CED2E2A00A1BC9A /* ProgramaPageTableViewController.swift in Sources */ = {isa = PBXBuildFile; fileRef = F7F29E8F1CED2E2A00A1BC9A /* ProgramaPageTableViewController.swift */; };
		F7F29E921CED2EF600A1BC9A /* ProgaramaPageTableViewCell.swift in Sources */ = {isa = PBXBuildFile; fileRef = F7F29E911CED2EF600A1BC9A /* ProgaramaPageTableViewCell.swift */; };
		F7F29E941CED2F0B00A1BC9A /* Programa.swift in Sources */ = {isa = PBXBuildFile; fileRef = F7F29E931CED2F0B00A1BC9A /* Programa.swift */; };
/* End PBXBuildFile section */

/* Begin PBXContainerItemProxy section */
		F7A9DC991CE737270086297E /* PBXContainerItemProxy */ = {
			isa = PBXContainerItemProxy;
			containerPortal = F7A9DC7A1CE737260086297E /* Project object */;
			proxyType = 1;
			remoteGlobalIDString = F7A9DC811CE737260086297E;
			remoteInfo = "Sofia Swing Dance Festival";
		};
		F7A9DCA41CE737270086297E /* PBXContainerItemProxy */ = {
			isa = PBXContainerItemProxy;
			containerPortal = F7A9DC7A1CE737260086297E /* Project object */;
			proxyType = 1;
			remoteGlobalIDString = F7A9DC811CE737260086297E;
			remoteInfo = "Sofia Swing Dance Festival";
		};
/* End PBXContainerItemProxy section */

/* Begin PBXFileReference section */
		B372A6F7199827D8D5717F00 /* Pods-Sofia Swing Dance Festival.release.xcconfig */ = {isa = PBXFileReference; includeInIndex = 1; lastKnownFileType = text.xcconfig; name = "Pods-Sofia Swing Dance Festival.release.xcconfig"; path = "Pods/Target Support Files/Pods-Sofia Swing Dance Festival/Pods-Sofia Swing Dance Festival.release.xcconfig"; sourceTree = "<group>"; };
		BAB720FAE395888114033DFC /* Pods-Sofia Swing Dance Festival.debug.xcconfig */ = {isa = PBXFileReference; includeInIndex = 1; lastKnownFileType = text.xcconfig; name = "Pods-Sofia Swing Dance Festival.debug.xcconfig"; path = "Pods/Target Support Files/Pods-Sofia Swing Dance Festival/Pods-Sofia Swing Dance Festival.debug.xcconfig"; sourceTree = "<group>"; };
		F7089E0E1D411EEA00637998 /* LogoSwingAOut.jpg */ = {isa = PBXFileReference; lastKnownFileType = image.jpeg; path = LogoSwingAOut.jpg; sourceTree = "<group>"; };
		F7089E101D4129AB00637998 /* Logo.png */ = {isa = PBXFileReference; lastKnownFileType = image.png; path = Logo.png; sourceTree = "<group>"; };
		F720B0BE1CEB5F4A00BD10E4 /* SSDF-Bridging-Header.h */ = {isa = PBXFileReference; lastKnownFileType = sourcecode.c.h; path = "SSDF-Bridging-Header.h"; sourceTree = "<group>"; };
		F733BA981D4B6BE6007A013E /* Teachers.xcassets */ = {isa = PBXFileReference; lastKnownFileType = folder.assetcatalog; path = Teachers.xcassets; sourceTree = "<group>"; };
		F7601F2B1CF5C8EB00C91186 /* lindyhop.bg-logo 2.png */ = {isa = PBXFileReference; lastKnownFileType = image.png; path = "lindyhop.bg-logo 2.png"; sourceTree = "<group>"; };
		F7601F2D1CF5C9A000C91186 /* lindyhop.bg-logo 3.png */ = {isa = PBXFileReference; lastKnownFileType = image.png; path = "lindyhop.bg-logo 3.png"; sourceTree = "<group>"; };
		F793B9CB1CE8B397003DA653 /* NewsPageController.swift */ = {isa = PBXFileReference; fileEncoding = 4; lastKnownFileType = sourcecode.swift; path = NewsPageController.swift; sourceTree = "<group>"; };
		F793B9CD1CE8B514003DA653 /* header.jpg */ = {isa = PBXFileReference; lastKnownFileType = image.jpeg; path = header.jpg; sourceTree = "<group>"; };
		F7A9DC821CE737260086297E /* SwingAout Festival.app */ = {isa = PBXFileReference; explicitFileType = wrapper.application; includeInIndex = 0; path = "SwingAout Festival.app"; sourceTree = BUILT_PRODUCTS_DIR; };
		F7A9DC851CE737270086297E /* AppDelegate.swift */ = {isa = PBXFileReference; lastKnownFileType = sourcecode.swift; path = AppDelegate.swift; sourceTree = "<group>"; };
		F7A9DC8C1CE737270086297E /* Base */ = {isa = PBXFileReference; lastKnownFileType = file.storyboard; name = Base; path = Base.lproj/Main.storyboard; sourceTree = "<group>"; };
		F7A9DC911CE737270086297E /* Base */ = {isa = PBXFileReference; lastKnownFileType = file.storyboard; name = Base; path = Base.lproj/LaunchScreen.storyboard; sourceTree = "<group>"; };
		F7A9DC931CE737270086297E /* Info.plist */ = {isa = PBXFileReference; lastKnownFileType = text.plist.xml; path = Info.plist; sourceTree = "<group>"; };
		F7A9DC981CE737270086297E /* SwingAout Festival.xctest */ = {isa = PBXFileReference; explicitFileType = wrapper.cfbundle; includeInIndex = 0; path = "SwingAout Festival.xctest"; sourceTree = BUILT_PRODUCTS_DIR; };
		F7A9DC9C1CE737270086297E /* Sofia_Swing_Dance_FestivalTests.swift */ = {isa = PBXFileReference; lastKnownFileType = sourcecode.swift; path = Sofia_Swing_Dance_FestivalTests.swift; sourceTree = "<group>"; };
		F7A9DC9E1CE737270086297E /* Info.plist */ = {isa = PBXFileReference; lastKnownFileType = text.plist.xml; path = Info.plist; sourceTree = "<group>"; };
		F7A9DCA31CE737270086297E /* SwingAout Festival.xctest */ = {isa = PBXFileReference; explicitFileType = wrapper.cfbundle; includeInIndex = 0; path = "SwingAout Festival.xctest"; sourceTree = BUILT_PRODUCTS_DIR; };
		F7A9DCA71CE737270086297E /* Sofia_Swing_Dance_FestivalUITests.swift */ = {isa = PBXFileReference; lastKnownFileType = sourcecode.swift; path = Sofia_Swing_Dance_FestivalUITests.swift; sourceTree = "<group>"; };
		F7A9DCA91CE737270086297E /* Info.plist */ = {isa = PBXFileReference; lastKnownFileType = text.plist.xml; path = Info.plist; sourceTree = "<group>"; };
		F7A9DCB61CE73D6D0086297E /* NewsController.swift */ = {isa = PBXFileReference; fileEncoding = 4; lastKnownFileType = sourcecode.swift; path = NewsController.swift; sourceTree = "<group>"; };
		F7A9DCBC1CE752950086297E /* Media.xcassets */ = {isa = PBXFileReference; lastKnownFileType = folder.assetcatalog; path = Media.xcassets; sourceTree = "<group>"; };
		F7A9DCC41CE76C7D0086297E /* TeachersController.swift */ = {isa = PBXFileReference; fileEncoding = 4; lastKnownFileType = sourcecode.swift; path = TeachersController.swift; sourceTree = "<group>"; };
		F7E14CE01CE79B4D009F24A2 /* InstructorPageViewController.swift */ = {isa = PBXFileReference; fileEncoding = 4; lastKnownFileType = sourcecode.swift; path = InstructorPageViewController.swift; sourceTree = "<group>"; };
		F7E14CE21CE8A08E009F24A2 /* ContactController.swift */ = {isa = PBXFileReference; fileEncoding = 4; lastKnownFileType = sourcecode.swift; path = ContactController.swift; sourceTree = "<group>"; };
		F7E14CE41CE8A4EB009F24A2 /* CompetitionsController.swift */ = {isa = PBXFileReference; fileEncoding = 4; lastKnownFileType = sourcecode.swift; path = CompetitionsController.swift; sourceTree = "<group>"; };
		F7F29E811CEC691A00A1BC9A /* json.swift */ = {isa = PBXFileReference; fileEncoding = 4; lastKnownFileType = sourcecode.swift; path = json.swift; sourceTree = "<group>"; };
		F7F29E831CEC69D200A1BC9A /* Feed.swift */ = {isa = PBXFileReference; fileEncoding = 4; lastKnownFileType = sourcecode.swift; path = Feed.swift; sourceTree = "<group>"; };
		F7F29E851CECA9FB00A1BC9A /* PlacesViewController.swift */ = {isa = PBXFileReference; fileEncoding = 4; lastKnownFileType = sourcecode.swift; path = PlacesViewController.swift; sourceTree = "<group>"; };
		F7F29E871CECB08E00A1BC9A /* CoreLocation.framework */ = {isa = PBXFileReference; lastKnownFileType = wrapper.framework; name = CoreLocation.framework; path = System/Library/Frameworks/CoreLocation.framework; sourceTree = SDKROOT; };
		F7F29E891CECBA8900A1BC9A /* Location.swift */ = {isa = PBXFileReference; fileEncoding = 4; lastKnownFileType = sourcecode.swift; path = Location.swift; sourceTree = "<group>"; };
		F7F29E8B1CECC9B200A1BC9A /* LocationCellTableViewCell.swift */ = {isa = PBXFileReference; fileEncoding = 4; lastKnownFileType = sourcecode.swift; path = LocationCellTableViewCell.swift; sourceTree = "<group>"; };
		F7F29E8D1CED2BD300A1BC9A /* ProgramaTableViewController.swift */ = {isa = PBXFileReference; fileEncoding = 4; lastKnownFileType = sourcecode.swift; path = ProgramaTableViewController.swift; sourceTree = "<group>"; };
		F7F29E8F1CED2E2A00A1BC9A /* ProgramaPageTableViewController.swift */ = {isa = PBXFileReference; fileEncoding = 4; lastKnownFileType = sourcecode.swift; path = ProgramaPageTableViewController.swift; sourceTree = "<group>"; };
		F7F29E911CED2EF600A1BC9A /* ProgaramaPageTableViewCell.swift */ = {isa = PBXFileReference; fileEncoding = 4; lastKnownFileType = sourcecode.swift; path = ProgaramaPageTableViewCell.swift; sourceTree = "<group>"; };
		F7F29E931CED2F0B00A1BC9A /* Programa.swift */ = {isa = PBXFileReference; fileEncoding = 4; lastKnownFileType = sourcecode.swift; path = Programa.swift; sourceTree = "<group>"; };
		FEA7C3340BF4BD43AB6C81DB /* Pods_Sofia_Swing_Dance_Festival.framework */ = {isa = PBXFileReference; explicitFileType = wrapper.framework; includeInIndex = 0; path = Pods_Sofia_Swing_Dance_Festival.framework; sourceTree = BUILT_PRODUCTS_DIR; };
/* End PBXFileReference section */

/* Begin PBXFrameworksBuildPhase section */
		F7A9DC7F1CE737260086297E /* Frameworks */ = {
			isa = PBXFrameworksBuildPhase;
			buildActionMask = 2147483647;
			files = (
				F7F29E881CECB08E00A1BC9A /* CoreLocation.framework in Frameworks */,
				413AABDFE1E219E7AA361EDF /* Pods_Sofia_Swing_Dance_Festival.framework in Frameworks */,
			);
			runOnlyForDeploymentPostprocessing = 0;
		};
		F7A9DC951CE737270086297E /* Frameworks */ = {
			isa = PBXFrameworksBuildPhase;
			buildActionMask = 2147483647;
			files = (
			);
			runOnlyForDeploymentPostprocessing = 0;
		};
		F7A9DCA01CE737270086297E /* Frameworks */ = {
			isa = PBXFrameworksBuildPhase;
			buildActionMask = 2147483647;
			files = (
			);
			runOnlyForDeploymentPostprocessing = 0;
		};
/* End PBXFrameworksBuildPhase section */

/* Begin PBXGroup section */
		12E3A81D47BE86ED3D1C33C7 /* Frameworks */ = {
			isa = PBXGroup;
			children = (
				F7F29E871CECB08E00A1BC9A /* CoreLocation.framework */,
				FEA7C3340BF4BD43AB6C81DB /* Pods_Sofia_Swing_Dance_Festival.framework */,
			);
			name = Frameworks;
			sourceTree = "<group>";
		};
		9578AE2EA7F90872CF603D52 /* Pods */ = {
			isa = PBXGroup;
			children = (
				BAB720FAE395888114033DFC /* Pods-Sofia Swing Dance Festival.debug.xcconfig */,
				B372A6F7199827D8D5717F00 /* Pods-Sofia Swing Dance Festival.release.xcconfig */,
			);
			name = Pods;
			sourceTree = "<group>";
		};
		F7A9DC791CE737260086297E = {
			isa = PBXGroup;
			children = (
				F7601F2B1CF5C8EB00C91186 /* lindyhop.bg-logo 2.png */,
				F7601F2D1CF5C9A000C91186 /* lindyhop.bg-logo 3.png */,
				F793B9CD1CE8B514003DA653 /* header.jpg */,
				F7089E0E1D411EEA00637998 /* LogoSwingAOut.jpg */,
				F7089E101D4129AB00637998 /* Logo.png */,
				F7A9DCB51CE73CE00086297E /* Controllers */,
				F7A9DC841CE737260086297E /* SwingAout Festival */,
				F7A9DC9B1CE737270086297E /* Sofia Swing Dance FestivalTests */,
				F7A9DCA61CE737270086297E /* Sofia Swing Dance FestivalUITests */,
				F7A9DC831CE737260086297E /* Products */,
				9578AE2EA7F90872CF603D52 /* Pods */,
				12E3A81D47BE86ED3D1C33C7 /* Frameworks */,
			);
			sourceTree = "<group>";
		};
		F7A9DC831CE737260086297E /* Products */ = {
			isa = PBXGroup;
			children = (
				F7A9DC821CE737260086297E /* SwingAout Festival.app */,
				F7A9DC981CE737270086297E /* SwingAout Festival.xctest */,
				F7A9DCA31CE737270086297E /* SwingAout Festival.xctest */,
			);
			name = Products;
			sourceTree = "<group>";
		};
		F7A9DC841CE737260086297E /* SwingAout Festival */ = {
			isa = PBXGroup;
			children = (
				F7F29E831CEC69D200A1BC9A /* Feed.swift */,
				F7F29E891CECBA8900A1BC9A /* Location.swift */,
				F7F29E931CED2F0B00A1BC9A /* Programa.swift */,
				F7F29E811CEC691A00A1BC9A /* json.swift */,
				F7A9DC851CE737270086297E /* AppDelegate.swift */,
				F7A9DC8B1CE737270086297E /* Main.storyboard */,
				F7A9DC901CE737270086297E /* LaunchScreen.storyboard */,
				F7A9DC931CE737270086297E /* Info.plist */,
				F7A9DCBC1CE752950086297E /* Media.xcassets */,
				F733BA981D4B6BE6007A013E /* Teachers.xcassets */,
				F720B0BE1CEB5F4A00BD10E4 /* SSDF-Bridging-Header.h */,
			);
			name = "SwingAout Festival";
			path = "Sofia Swing Dance Festival";
			sourceTree = "<group>";
		};
		F7A9DC9B1CE737270086297E /* Sofia Swing Dance FestivalTests */ = {
			isa = PBXGroup;
			children = (
				F7A9DC9C1CE737270086297E /* Sofia_Swing_Dance_FestivalTests.swift */,
				F7A9DC9E1CE737270086297E /* Info.plist */,
			);
			path = "Sofia Swing Dance FestivalTests";
			sourceTree = "<group>";
		};
		F7A9DCA61CE737270086297E /* Sofia Swing Dance FestivalUITests */ = {
			isa = PBXGroup;
			children = (
				F7A9DCA71CE737270086297E /* Sofia_Swing_Dance_FestivalUITests.swift */,
				F7A9DCA91CE737270086297E /* Info.plist */,
			);
			path = "Sofia Swing Dance FestivalUITests";
			sourceTree = "<group>";
		};
		F7A9DCB51CE73CE00086297E /* Controllers */ = {
			isa = PBXGroup;
			children = (
				F7A9DCB61CE73D6D0086297E /* NewsController.swift */,
				F793B9CB1CE8B397003DA653 /* NewsPageController.swift */,
				F7A9DCC41CE76C7D0086297E /* TeachersController.swift */,
				F7E14CE01CE79B4D009F24A2 /* InstructorPageViewController.swift */,
				F7E14CE21CE8A08E009F24A2 /* ContactController.swift */,
				F7E14CE41CE8A4EB009F24A2 /* CompetitionsController.swift */,
				F7F29E851CECA9FB00A1BC9A /* PlacesViewController.swift */,
				F7F29E8B1CECC9B200A1BC9A /* LocationCellTableViewCell.swift */,
				F7F29E8D1CED2BD300A1BC9A /* ProgramaTableViewController.swift */,
				F7F29E8F1CED2E2A00A1BC9A /* ProgramaPageTableViewController.swift */,
				F7F29E911CED2EF600A1BC9A /* ProgaramaPageTableViewCell.swift */,
			);
			name = Controllers;
			path = "Sofia Swing Dance Festival/Controllers";
			sourceTree = "<group>";
		};
/* End PBXGroup section */

/* Begin PBXNativeTarget section */
		F7A9DC811CE737260086297E /* SwingAout Festival */ = {
			isa = PBXNativeTarget;
			buildConfigurationList = F7A9DCAC1CE737270086297E /* Build configuration list for PBXNativeTarget "SwingAout Festival" */;
			buildPhases = (
				D17A808AB0DE7642BC5B35F2 /* Check Pods Manifest.lock */,
				F7A9DC7E1CE737260086297E /* Sources */,
				F7A9DC7F1CE737260086297E /* Frameworks */,
				F7A9DC801CE737260086297E /* Resources */,
				D828D1706CE4E94836AFE692 /* Copy Pods Resources */,
				1BB85A91BEC3CCF230E51F08 /* Embed Pods Frameworks */,
			);
			buildRules = (
			);
			dependencies = (
			);
			name = "SwingAout Festival";
			productName = "Sofia Swing Dance Festival";
			productReference = F7A9DC821CE737260086297E /* SwingAout Festival.app */;
			productType = "com.apple.product-type.application";
		};
		F7A9DC971CE737270086297E /* SwingAout FestivalTests */ = {
			isa = PBXNativeTarget;
			buildConfigurationList = F7A9DCAF1CE737270086297E /* Build configuration list for PBXNativeTarget "SwingAout FestivalTests" */;
			buildPhases = (
				F7A9DC941CE737270086297E /* Sources */,
				F7A9DC951CE737270086297E /* Frameworks */,
				F7A9DC961CE737270086297E /* Resources */,
			);
			buildRules = (
			);
			dependencies = (
				F7A9DC9A1CE737270086297E /* PBXTargetDependency */,
			);
			name = "SwingAout FestivalTests";
			productName = "Sofia Swing Dance FestivalTests";
			productReference = F7A9DC981CE737270086297E /* SwingAout Festival.xctest */;
			productType = "com.apple.product-type.bundle.unit-test";
		};
		F7A9DCA21CE737270086297E /* SwingAout FestivalUITests */ = {
			isa = PBXNativeTarget;
			buildConfigurationList = F7A9DCB21CE737270086297E /* Build configuration list for PBXNativeTarget "SwingAout FestivalUITests" */;
			buildPhases = (
				F7A9DC9F1CE737270086297E /* Sources */,
				F7A9DCA01CE737270086297E /* Frameworks */,
				F7A9DCA11CE737270086297E /* Resources */,
			);
			buildRules = (
			);
			dependencies = (
				F7A9DCA51CE737270086297E /* PBXTargetDependency */,
			);
			name = "SwingAout FestivalUITests";
			productName = "Sofia Swing Dance FestivalUITests";
			productReference = F7A9DCA31CE737270086297E /* SwingAout Festival.xctest */;
			productType = "com.apple.product-type.bundle.ui-testing";
		};
/* End PBXNativeTarget section */

/* Begin PBXProject section */
		F7A9DC7A1CE737260086297E /* Project object */ = {
			isa = PBXProject;
			attributes = {
				LastSwiftUpdateCheck = 0730;
				LastUpgradeCheck = 0730;
				ORGANIZATIONNAME = "Spirit Invoker";
				TargetAttributes = {
					F7A9DC811CE737260086297E = {
						CreatedOnToolsVersion = 7.3.1;
						DevelopmentTeam = Y2G2D8HFRU;
						SystemCapabilities = {
							com.apple.Push = {
								enabled = 1;
							};
						};
					};
					F7A9DC971CE737270086297E = {
						CreatedOnToolsVersion = 7.3.1;
						TestTargetID = F7A9DC811CE737260086297E;
					};
					F7A9DCA21CE737270086297E = {
						CreatedOnToolsVersion = 7.3.1;
						TestTargetID = F7A9DC811CE737260086297E;
					};
				};
			};
			buildConfigurationList = F7A9DC7D1CE737260086297E /* Build configuration list for PBXProject "SwingAout Festival" */;
			compatibilityVersion = "Xcode 3.2";
			developmentRegion = English;
			hasScannedForEncodings = 0;
			knownRegions = (
				en,
				Base,
			);
			mainGroup = F7A9DC791CE737260086297E;
			productRefGroup = F7A9DC831CE737260086297E /* Products */;
			projectDirPath = "";
			projectRoot = "";
			targets = (
				F7A9DC811CE737260086297E /* SwingAout Festival */,
				F7A9DC971CE737270086297E /* SwingAout FestivalTests */,
				F7A9DCA21CE737270086297E /* SwingAout FestivalUITests */,
			);
		};
/* End PBXProject section */

/* Begin PBXResourcesBuildPhase section */
		F7A9DC801CE737260086297E /* Resources */ = {
			isa = PBXResourcesBuildPhase;
			buildActionMask = 2147483647;
			files = (
				F7089E111D4129AB00637998 /* Logo.png in Resources */,
				F7A9DC921CE737270086297E /* LaunchScreen.storyboard in Resources */,
				F7089E0F1D411EEA00637998 /* LogoSwingAOut.jpg in Resources */,
				F7A9DC8D1CE737270086297E /* Main.storyboard in Resources */,
				F733BA991D4B6BE6007A013E /* Teachers.xcassets in Resources */,
				F7601F2C1CF5C8EB00C91186 /* lindyhop.bg-logo 2.png in Resources */,
				F793B9CE1CE8B514003DA653 /* header.jpg in Resources */,
				F7A9DCBD1CE752950086297E /* Media.xcassets in Resources */,
				F7601F2E1CF5C9A000C91186 /* lindyhop.bg-logo 3.png in Resources */,
			);
			runOnlyForDeploymentPostprocessing = 0;
		};
		F7A9DC961CE737270086297E /* Resources */ = {
			isa = PBXResourcesBuildPhase;
			buildActionMask = 2147483647;
			files = (
			);
			runOnlyForDeploymentPostprocessing = 0;
		};
		F7A9DCA11CE737270086297E /* Resources */ = {
			isa = PBXResourcesBuildPhase;
			buildActionMask = 2147483647;
			files = (
			);
			runOnlyForDeploymentPostprocessing = 0;
		};
/* End PBXResourcesBuildPhase section */

/* Begin PBXShellScriptBuildPhase section */
		1BB85A91BEC3CCF230E51F08 /* Embed Pods Frameworks */ = {
			isa = PBXShellScriptBuildPhase;
			buildActionMask = 2147483647;
			files = (
			);
			inputPaths = (
			);
			name = "Embed Pods Frameworks";
			outputPaths = (
			);
			runOnlyForDeploymentPostprocessing = 0;
			shellPath = /bin/sh;
			shellScript = "\"${SRCROOT}/Pods/Target Support Files/Pods-Sofia Swing Dance Festival/Pods-Sofia Swing Dance Festival-frameworks.sh\"\n";
			showEnvVarsInLog = 0;
		};
		D17A808AB0DE7642BC5B35F2 /* Check Pods Manifest.lock */ = {
			isa = PBXShellScriptBuildPhase;
			buildActionMask = 2147483647;
			files = (
			);
			inputPaths = (
			);
			name = "Check Pods Manifest.lock";
			outputPaths = (
			);
			runOnlyForDeploymentPostprocessing = 0;
			shellPath = /bin/sh;
			shellScript = "diff \"${PODS_ROOT}/../Podfile.lock\" \"${PODS_ROOT}/Manifest.lock\" > /dev/null\nif [[ $? != 0 ]] ; then\n    cat << EOM\nerror: The sandbox is not in sync with the Podfile.lock. Run 'pod install' or update your CocoaPods installation.\nEOM\n    exit 1\nfi\n";
			showEnvVarsInLog = 0;
		};
		D828D1706CE4E94836AFE692 /* Copy Pods Resources */ = {
			isa = PBXShellScriptBuildPhase;
			buildActionMask = 2147483647;
			files = (
			);
			inputPaths = (
			);
			name = "Copy Pods Resources";
			outputPaths = (
			);
			runOnlyForDeploymentPostprocessing = 0;
			shellPath = /bin/sh;
			shellScript = "\"${SRCROOT}/Pods/Target Support Files/Pods-Sofia Swing Dance Festival/Pods-Sofia Swing Dance Festival-resources.sh\"\n";
			showEnvVarsInLog = 0;
		};
/* End PBXShellScriptBuildPhase section */

/* Begin PBXSourcesBuildPhase section */
		F7A9DC7E1CE737260086297E /* Sources */ = {
			isa = PBXSourcesBuildPhase;
			buildActionMask = 2147483647;
			files = (
				F793B9CC1CE8B397003DA653 /* NewsPageController.swift in Sources */,
				F7F29E8A1CECBA8900A1BC9A /* Location.swift in Sources */,
				F7F29E941CED2F0B00A1BC9A /* Programa.swift in Sources */,
				F7F29E8C1CECC9B200A1BC9A /* LocationCellTableViewCell.swift in Sources */,
				F7F29E8E1CED2BD300A1BC9A /* ProgramaTableViewController.swift in Sources */,
				F7F29E841CEC69D200A1BC9A /* Feed.swift in Sources */,
				F7F29E861CECA9FB00A1BC9A /* PlacesViewController.swift in Sources */,
				F7A9DCB71CE73D6D0086297E /* NewsController.swift in Sources */,
				F7E14CE51CE8A4EB009F24A2 /* CompetitionsController.swift in Sources */,
				F7E14CE31CE8A08E009F24A2 /* ContactController.swift in Sources */,
				F7F29E901CED2E2A00A1BC9A /* ProgramaPageTableViewController.swift in Sources */,
				F7A9DC861CE737270086297E /* AppDelegate.swift in Sources */,
				F7E14CE11CE79B4D009F24A2 /* InstructorPageViewController.swift in Sources */,
				F7A9DCC51CE76C7D0086297E /* TeachersController.swift in Sources */,
				F7F29E821CEC691A00A1BC9A /* json.swift in Sources */,
				F7F29E921CED2EF600A1BC9A /* ProgaramaPageTableViewCell.swift in Sources */,
			);
			runOnlyForDeploymentPostprocessing = 0;
		};
		F7A9DC941CE737270086297E /* Sources */ = {
			isa = PBXSourcesBuildPhase;
			buildActionMask = 2147483647;
			files = (
				F7A9DC9D1CE737270086297E /* Sofia_Swing_Dance_FestivalTests.swift in Sources */,
			);
			runOnlyForDeploymentPostprocessing = 0;
		};
		F7A9DC9F1CE737270086297E /* Sources */ = {
			isa = PBXSourcesBuildPhase;
			buildActionMask = 2147483647;
			files = (
				F7A9DCA81CE737270086297E /* Sofia_Swing_Dance_FestivalUITests.swift in Sources */,
			);
			runOnlyForDeploymentPostprocessing = 0;
		};
/* End PBXSourcesBuildPhase section */

/* Begin PBXTargetDependency section */
		F7A9DC9A1CE737270086297E /* PBXTargetDependency */ = {
			isa = PBXTargetDependency;
			target = F7A9DC811CE737260086297E /* SwingAout Festival */;
			targetProxy = F7A9DC991CE737270086297E /* PBXContainerItemProxy */;
		};
		F7A9DCA51CE737270086297E /* PBXTargetDependency */ = {
			isa = PBXTargetDependency;
			target = F7A9DC811CE737260086297E /* SwingAout Festival */;
			targetProxy = F7A9DCA41CE737270086297E /* PBXContainerItemProxy */;
		};
/* End PBXTargetDependency section */

/* Begin PBXVariantGroup section */
		F7A9DC8B1CE737270086297E /* Main.storyboard */ = {
			isa = PBXVariantGroup;
			children = (
				F7A9DC8C1CE737270086297E /* Base */,
			);
			name = Main.storyboard;
			sourceTree = "<group>";
		};
		F7A9DC901CE737270086297E /* LaunchScreen.storyboard */ = {
			isa = PBXVariantGroup;
			children = (
				F7A9DC911CE737270086297E /* Base */,
			);
			name = LaunchScreen.storyboard;
			sourceTree = "<group>";
		};
/* End PBXVariantGroup section */

/* Begin XCBuildConfiguration section */
		F7A9DCAA1CE737270086297E /* Debug */ = {
			isa = XCBuildConfiguration;
			buildSettings = {
				ALWAYS_SEARCH_USER_PATHS = NO;
				CLANG_ANALYZER_NONNULL = YES;
				CLANG_CXX_LANGUAGE_STANDARD = "gnu++0x";
				CLANG_CXX_LIBRARY = "libc++";
				CLANG_ENABLE_MODULES = YES;
				CLANG_ENABLE_OBJC_ARC = YES;
				CLANG_WARN_BOOL_CONVERSION = YES;
				CLANG_WARN_CONSTANT_CONVERSION = YES;
				CLANG_WARN_DIRECT_OBJC_ISA_USAGE = YES_ERROR;
				CLANG_WARN_EMPTY_BODY = YES;
				CLANG_WARN_ENUM_CONVERSION = YES;
				CLANG_WARN_INT_CONVERSION = YES;
				CLANG_WARN_OBJC_ROOT_CLASS = YES_ERROR;
				CLANG_WARN_UNREACHABLE_CODE = YES;
				CLANG_WARN__DUPLICATE_METHOD_MATCH = YES;
				"CODE_SIGN_IDENTITY[sdk=iphoneos*]" = "iPhone Developer";
				COPY_PHASE_STRIP = NO;
				DEBUG_INFORMATION_FORMAT = dwarf;
				ENABLE_STRICT_OBJC_MSGSEND = YES;
				ENABLE_TESTABILITY = YES;
				GCC_C_LANGUAGE_STANDARD = gnu99;
				GCC_DYNAMIC_NO_PIC = NO;
				GCC_NO_COMMON_BLOCKS = YES;
				GCC_OPTIMIZATION_LEVEL = 0;
				GCC_PREPROCESSOR_DEFINITIONS = (
					"DEBUG=1",
					"$(inherited)",
				);
				GCC_WARN_64_TO_32_BIT_CONVERSION = YES;
				GCC_WARN_ABOUT_RETURN_TYPE = YES_ERROR;
				GCC_WARN_UNDECLARED_SELECTOR = YES;
				GCC_WARN_UNINITIALIZED_AUTOS = YES_AGGRESSIVE;
				GCC_WARN_UNUSED_FUNCTION = YES;
				GCC_WARN_UNUSED_VARIABLE = YES;
				IPHONEOS_DEPLOYMENT_TARGET = 9.3;
				MTL_ENABLE_DEBUG_INFO = YES;
				ONLY_ACTIVE_ARCH = YES;
				SDKROOT = iphoneos;
				SWIFT_OPTIMIZATION_LEVEL = "-Onone";
				TARGETED_DEVICE_FAMILY = "1,2";
			};
			name = Debug;
		};
		F7A9DCAB1CE737270086297E /* Release */ = {
			isa = XCBuildConfiguration;
			buildSettings = {
				ALWAYS_SEARCH_USER_PATHS = NO;
				CLANG_ANALYZER_NONNULL = YES;
				CLANG_CXX_LANGUAGE_STANDARD = "gnu++0x";
				CLANG_CXX_LIBRARY = "libc++";
				CLANG_ENABLE_MODULES = YES;
				CLANG_ENABLE_OBJC_ARC = YES;
				CLANG_WARN_BOOL_CONVERSION = YES;
				CLANG_WARN_CONSTANT_CONVERSION = YES;
				CLANG_WARN_DIRECT_OBJC_ISA_USAGE = YES_ERROR;
				CLANG_WARN_EMPTY_BODY = YES;
				CLANG_WARN_ENUM_CONVERSION = YES;
				CLANG_WARN_INT_CONVERSION = YES;
				CLANG_WARN_OBJC_ROOT_CLASS = YES_ERROR;
				CLANG_WARN_UNREACHABLE_CODE = YES;
				CLANG_WARN__DUPLICATE_METHOD_MATCH = YES;
				"CODE_SIGN_IDENTITY[sdk=iphoneos*]" = "iPhone Developer";
				COPY_PHASE_STRIP = NO;
				DEBUG_INFORMATION_FORMAT = "dwarf-with-dsym";
				ENABLE_NS_ASSERTIONS = NO;
				ENABLE_STRICT_OBJC_MSGSEND = YES;
				GCC_C_LANGUAGE_STANDARD = gnu99;
				GCC_NO_COMMON_BLOCKS = YES;
				GCC_WARN_64_TO_32_BIT_CONVERSION = YES;
				GCC_WARN_ABOUT_RETURN_TYPE = YES_ERROR;
				GCC_WARN_UNDECLARED_SELECTOR = YES;
				GCC_WARN_UNINITIALIZED_AUTOS = YES_AGGRESSIVE;
				GCC_WARN_UNUSED_FUNCTION = YES;
				GCC_WARN_UNUSED_VARIABLE = YES;
				IPHONEOS_DEPLOYMENT_TARGET = 9.3;
				MTL_ENABLE_DEBUG_INFO = NO;
				SDKROOT = iphoneos;
				TARGETED_DEVICE_FAMILY = "1,2";
				VALIDATE_PRODUCT = YES;
			};
			name = Release;
		};
		F7A9DCAD1CE737270086297E /* Debug */ = {
			isa = XCBuildConfiguration;
			baseConfigurationReference = BAB720FAE395888114033DFC /* Pods-Sofia Swing Dance Festival.debug.xcconfig */;
			buildSettings = {
				ASSETCATALOG_COMPILER_APPICON_NAME = AppIcon;
				CODE_SIGN_IDENTITY = "iPhone Developer";
				INFOPLIST_FILE = "Sofia Swing Dance Festival/Info.plist";
				IPHONEOS_DEPLOYMENT_TARGET = 8.0;
				LD_RUNPATH_SEARCH_PATHS = "$(inherited) @executable_path/Frameworks";
				PRODUCT_BUNDLE_IDENTIFIER = com.spiritinvoker.swingfestival.swingaout;
				PRODUCT_NAME = "SwingAout Festival";
				SWIFT_OBJC_BRIDGING_HEADER = "SSDF-Bridging-Header.h";
			};
			name = Debug;
		};
		F7A9DCAE1CE737270086297E /* Release */ = {
			isa = XCBuildConfiguration;
			baseConfigurationReference = B372A6F7199827D8D5717F00 /* Pods-Sofia Swing Dance Festival.release.xcconfig */;
			buildSettings = {
				ASSETCATALOG_COMPILER_APPICON_NAME = AppIcon;
				CODE_SIGN_IDENTITY = "iPhone Developer";
				INFOPLIST_FILE = "Sofia Swing Dance Festival/Info.plist";
				IPHONEOS_DEPLOYMENT_TARGET = 8.0;
				LD_RUNPATH_SEARCH_PATHS = "$(inherited) @executable_path/Frameworks";
				PRODUCT_BUNDLE_IDENTIFIER = com.spiritinvoker.swingfestival.swingaout;
				PRODUCT_NAME = "SwingAout Festival";
				SWIFT_OBJC_BRIDGING_HEADER = "SSDF-Bridging-Header.h";
			};
			name = Release;
		};
		F7A9DCB01CE737270086297E /* Debug */ = {
			isa = XCBuildConfiguration;
			buildSettings = {
				BUNDLE_LOADER = "$(TEST_HOST)";
				INFOPLIST_FILE = "Sofia Swing Dance FestivalTests/Info.plist";
				LD_RUNPATH_SEARCH_PATHS = "$(inherited) @executable_path/Frameworks @loader_path/Frameworks";
				PRODUCT_BUNDLE_IDENTIFIER = "com.spiritinvoker.Sofia-Swing-Dance-FestivalTests";
				PRODUCT_NAME = "SwingAout Festival";
				TEST_HOST = "$(BUILT_PRODUCTS_DIR)/SwingAout Festival.app/SwingAout Festival";
			};
			name = Debug;
		};
		F7A9DCB11CE737270086297E /* Release */ = {
			isa = XCBuildConfiguration;
			buildSettings = {
				BUNDLE_LOADER = "$(TEST_HOST)";
				INFOPLIST_FILE = "Sofia Swing Dance FestivalTests/Info.plist";
				LD_RUNPATH_SEARCH_PATHS = "$(inherited) @executable_path/Frameworks @loader_path/Frameworks";
				PRODUCT_BUNDLE_IDENTIFIER = "com.spiritinvoker.Sofia-Swing-Dance-FestivalTests";
				PRODUCT_NAME = "SwingAout Festival";
				TEST_HOST = "$(BUILT_PRODUCTS_DIR)/SwingAout Festival.app/SwingAout Festival";
			};
			name = Release;
		};
		F7A9DCB31CE737270086297E /* Debug */ = {
			isa = XCBuildConfiguration;
			buildSettings = {
				INFOPLIST_FILE = "Sofia Swing Dance FestivalUITests/Info.plist";
				LD_RUNPATH_SEARCH_PATHS = "$(inherited) @executable_path/Frameworks @loader_path/Frameworks";
				PRODUCT_BUNDLE_IDENTIFIER = "com.spiritinvoker.Sofia-Swing-Dance-FestivalUITests";
				PRODUCT_NAME = "SwingAout Festival";
				TEST_TARGET_NAME = "Sofia Swing Dance Festival";
			};
			name = Debug;
		};
		F7A9DCB41CE737270086297E /* Release */ = {
			isa = XCBuildConfiguration;
			buildSettings = {
				INFOPLIST_FILE = "Sofia Swing Dance FestivalUITests/Info.plist";
				LD_RUNPATH_SEARCH_PATHS = "$(inherited) @executable_path/Frameworks @loader_path/Frameworks";
				PRODUCT_BUNDLE_IDENTIFIER = "com.spiritinvoker.Sofia-Swing-Dance-FestivalUITests";
				PRODUCT_NAME = "SwingAout Festival";
				TEST_TARGET_NAME = "Sofia Swing Dance Festival";
			};
			name = Release;
		};
/* End XCBuildConfiguration section */

/* Begin XCConfigurationList section */
		F7A9DC7D1CE737260086297E /* Build configuration list for PBXProject "SwingAout Festival" */ = {
			isa = XCConfigurationList;
			buildConfigurations = (
				F7A9DCAA1CE737270086297E /* Debug */,
				F7A9DCAB1CE737270086297E /* Release */,
			);
			defaultConfigurationIsVisible = 0;
			defaultConfigurationName = Release;
		};
		F7A9DCAC1CE737270086297E /* Build configuration list for PBXNativeTarget "SwingAout Festival" */ = {
			isa = XCConfigurationList;
			buildConfigurations = (
				F7A9DCAD1CE737270086297E /* Debug */,
				F7A9DCAE1CE737270086297E /* Release */,
			);
			defaultConfigurationIsVisible = 0;
			defaultConfigurationName = Release;
		};
		F7A9DCAF1CE737270086297E /* Build configuration list for PBXNativeTarget "SwingAout FestivalTests" */ = {
			isa = XCConfigurationList;
			buildConfigurations = (
				F7A9DCB01CE737270086297E /* Debug */,
				F7A9DCB11CE737270086297E /* Release */,
			);
			defaultConfigurationIsVisible = 0;
			defaultConfigurationName = Release;
		};
		F7A9DCB21CE737270086297E /* Build configuration list for PBXNativeTarget "SwingAout FestivalUITests" */ = {
			isa = XCConfigurationList;
			buildConfigurations = (
				F7A9DCB31CE737270086297E /* Debug */,
				F7A9DCB41CE737270086297E /* Release */,
			);
			defaultConfigurationIsVisible = 0;
			defaultConfigurationName = Release;
		};
/* End XCConfigurationList section */
	};
	rootObject = F7A9DC7A1CE737260086297E /* Project object */;
}
