<?xml version="1.0" encoding="UTF-8"?>
<!DOCTYPE plist PUBLIC "-//Apple//DTD PLIST 1.0//EN" "http://www.apple.com/DTDs/PropertyList-1.0.dtd">
<plist version="1.0">
<dict>
	<key>archiveVersion</key>
	<string>1</string>
	<key>classes</key>
	<dict/>
	<key>objectVersion</key>
	<string>46</string>
	<key>objects</key>
	<dict>
		<key>0EA19A278DB6A06D59EFC79F</key>
		<dict>
			<key>explicitFileType</key>
			<string>wrapper.framework</string>
			<key>includeInIndex</key>
			<string>0</string>
			<key>isa</key>
			<string>PBXFileReference</string>
			<key>path</key>
			<string>Pods_SwingAout_Festival.framework</string>
			<key>sourceTree</key>
			<string>BUILT_PRODUCTS_DIR</string>
		</dict>
		<key>12E3A81D47BE86ED3D1C33C7</key>
		<dict>
			<key>children</key>
			<array>
				<string>F7F29E871CECB08E00A1BC9A</string>
				<string>FEA7C3340BF4BD43AB6C81DB</string>
				<string>0EA19A278DB6A06D59EFC79F</string>
			</array>
			<key>isa</key>
			<string>PBXGroup</string>
			<key>name</key>
			<string>Frameworks</string>
			<key>sourceTree</key>
			<string>&lt;group&gt;</string>
		</dict>
		<key>1BB85A91BEC3CCF230E51F08</key>
		<dict>
			<key>buildActionMask</key>
			<string>2147483647</string>
			<key>files</key>
			<array/>
			<key>inputPaths</key>
			<array/>
			<key>isa</key>
			<string>PBXShellScriptBuildPhase</string>
			<key>name</key>
			<string>Embed Pods Frameworks</string>
			<key>outputPaths</key>
			<array/>
			<key>runOnlyForDeploymentPostprocessing</key>
			<string>0</string>
			<key>shellPath</key>
			<string>/bin/sh</string>
			<key>shellScript</key>
			<string>"${SRCROOT}/Pods/Target Support Files/Pods-SwingAout Festival/Pods-SwingAout Festival-frameworks.sh"
</string>
			<key>showEnvVarsInLog</key>
			<string>0</string>
		</dict>
		<key>26CA1BABE5403073E4BCA65E</key>
		<dict>
			<key>fileRef</key>
			<string>0EA19A278DB6A06D59EFC79F</string>
			<key>isa</key>
			<string>PBXBuildFile</string>
			<key>settings</key>
			<dict>
				<key>ATTRIBUTES</key>
				<array>
					<string>Weak</string>
				</array>
			</dict>
		</dict>
		<key>413AABDFE1E219E7AA361EDF</key>
		<dict>
			<key>fileRef</key>
			<string>FEA7C3340BF4BD43AB6C81DB</string>
			<key>isa</key>
			<string>PBXBuildFile</string>
			<key>settings</key>
			<dict>
				<key>ATTRIBUTES</key>
				<array>
					<string>Weak</string>
				</array>
			</dict>
		</dict>
		<key>9578AE2EA7F90872CF603D52</key>
		<dict>
			<key>children</key>
			<array>
				<string>BAB720FAE395888114033DFC</string>
				<string>B372A6F7199827D8D5717F00</string>
			</array>
			<key>isa</key>
			<string>PBXGroup</string>
			<key>name</key>
			<string>Pods</string>
			<key>sourceTree</key>
			<string>&lt;group&gt;</string>
		</dict>
		<key>B372A6F7199827D8D5717F00</key>
		<dict>
			<key>includeInIndex</key>
			<string>1</string>
			<key>isa</key>
			<string>PBXFileReference</string>
			<key>lastKnownFileType</key>
			<string>text.xcconfig</string>
			<key>name</key>
			<string>Pods-Sofia Swing Dance Festival.release.xcconfig</string>
			<key>path</key>
			<string>Pods/Target Support Files/Pods-Sofia Swing Dance Festival/Pods-Sofia Swing Dance Festival.release.xcconfig</string>
			<key>sourceTree</key>
			<string>&lt;group&gt;</string>
		</dict>
		<key>BAB720FAE395888114033DFC</key>
		<dict>
			<key>includeInIndex</key>
			<string>1</string>
			<key>isa</key>
			<string>PBXFileReference</string>
			<key>lastKnownFileType</key>
			<string>text.xcconfig</string>
			<key>name</key>
			<string>Pods-Sofia Swing Dance Festival.debug.xcconfig</string>
			<key>path</key>
			<string>Pods/Target Support Files/Pods-Sofia Swing Dance Festival/Pods-Sofia Swing Dance Festival.debug.xcconfig</string>
			<key>sourceTree</key>
			<string>&lt;group&gt;</string>
		</dict>
		<key>D17A808AB0DE7642BC5B35F2</key>
		<dict>
			<key>buildActionMask</key>
			<string>2147483647</string>
			<key>files</key>
			<array/>
			<key>inputPaths</key>
			<array/>
			<key>isa</key>
			<string>PBXShellScriptBuildPhase</string>
			<key>name</key>
			<string>Check Pods Manifest.lock</string>
			<key>outputPaths</key>
			<array/>
			<key>runOnlyForDeploymentPostprocessing</key>
			<string>0</string>
			<key>shellPath</key>
			<string>/bin/sh</string>
			<key>shellScript</key>
			<string>diff "${PODS_ROOT}/../Podfile.lock" "${PODS_ROOT}/Manifest.lock" &gt; /dev/null
if [[ $? != 0 ]] ; then
    cat &lt;&lt; EOM
error: The sandbox is not in sync with the Podfile.lock. Run 'pod install' or update your CocoaPods installation.
EOM
    exit 1
fi
</string>
			<key>showEnvVarsInLog</key>
			<string>0</string>
		</dict>
		<key>D828D1706CE4E94836AFE692</key>
		<dict>
			<key>buildActionMask</key>
			<string>2147483647</string>
			<key>files</key>
			<array/>
			<key>inputPaths</key>
			<array/>
			<key>isa</key>
			<string>PBXShellScriptBuildPhase</string>
			<key>name</key>
			<string>Copy Pods Resources</string>
			<key>outputPaths</key>
			<array/>
			<key>runOnlyForDeploymentPostprocessing</key>
			<string>0</string>
			<key>shellPath</key>
			<string>/bin/sh</string>
			<key>shellScript</key>
			<string>"${SRCROOT}/Pods/Target Support Files/Pods-SwingAout Festival/Pods-SwingAout Festival-resources.sh"
</string>
			<key>showEnvVarsInLog</key>
			<string>0</string>
		</dict>
		<key>F7089E0E1D411EEA00637998</key>
		<dict>
			<key>isa</key>
			<string>PBXFileReference</string>
			<key>lastKnownFileType</key>
			<string>image.jpeg</string>
			<key>path</key>
			<string>LogoSwingAOut.jpg</string>
			<key>sourceTree</key>
			<string>&lt;group&gt;</string>
		</dict>
		<key>F7089E0F1D411EEA00637998</key>
		<dict>
			<key>fileRef</key>
			<string>F7089E0E1D411EEA00637998</string>
			<key>isa</key>
			<string>PBXBuildFile</string>
		</dict>
		<key>F7089E101D4129AB00637998</key>
		<dict>
			<key>isa</key>
			<string>PBXFileReference</string>
			<key>lastKnownFileType</key>
			<string>image.png</string>
			<key>path</key>
			<string>Logo.png</string>
			<key>sourceTree</key>
			<string>&lt;group&gt;</string>
		</dict>
		<key>F7089E111D4129AB00637998</key>
		<dict>
			<key>fileRef</key>
			<string>F7089E101D4129AB00637998</string>
			<key>isa</key>
			<string>PBXBuildFile</string>
		</dict>
		<key>F720B0BE1CEB5F4A00BD10E4</key>
		<dict>
			<key>isa</key>
			<string>PBXFileReference</string>
			<key>lastKnownFileType</key>
			<string>sourcecode.c.h</string>
			<key>path</key>
			<string>SSDF-Bridging-Header.h</string>
			<key>sourceTree</key>
			<string>&lt;group&gt;</string>
		</dict>
		<key>F733BA981D4B6BE6007A013E</key>
		<dict>
			<key>isa</key>
			<string>PBXFileReference</string>
			<key>lastKnownFileType</key>
			<string>folder.assetcatalog</string>
			<key>path</key>
			<string>Teachers.xcassets</string>
			<key>sourceTree</key>
			<string>&lt;group&gt;</string>
		</dict>
		<key>F733BA991D4B6BE6007A013E</key>
		<dict>
			<key>fileRef</key>
			<string>F733BA981D4B6BE6007A013E</string>
			<key>isa</key>
			<string>PBXBuildFile</string>
		</dict>
		<key>F7601F2B1CF5C8EB00C91186</key>
		<dict>
			<key>isa</key>
			<string>PBXFileReference</string>
			<key>lastKnownFileType</key>
			<string>image.png</string>
			<key>path</key>
			<string>lindyhop.bg-logo 2.png</string>
			<key>sourceTree</key>
			<string>&lt;group&gt;</string>
		</dict>
		<key>F7601F2C1CF5C8EB00C91186</key>
		<dict>
			<key>fileRef</key>
			<string>F7601F2B1CF5C8EB00C91186</string>
			<key>isa</key>
			<string>PBXBuildFile</string>
		</dict>
		<key>F7601F2D1CF5C9A000C91186</key>
		<dict>
			<key>isa</key>
			<string>PBXFileReference</string>
			<key>lastKnownFileType</key>
			<string>image.png</string>
			<key>path</key>
			<string>lindyhop.bg-logo 3.png</string>
			<key>sourceTree</key>
			<string>&lt;group&gt;</string>
		</dict>
		<key>F7601F2E1CF5C9A000C91186</key>
		<dict>
			<key>fileRef</key>
			<string>F7601F2D1CF5C9A000C91186</string>
			<key>isa</key>
			<string>PBXBuildFile</string>
		</dict>
		<key>F793B9CB1CE8B397003DA653</key>
		<dict>
			<key>fileEncoding</key>
			<string>4</string>
			<key>isa</key>
			<string>PBXFileReference</string>
			<key>lastKnownFileType</key>
			<string>sourcecode.swift</string>
			<key>path</key>
			<string>NewsPageController.swift</string>
			<key>sourceTree</key>
			<string>&lt;group&gt;</string>
		</dict>
		<key>F793B9CC1CE8B397003DA653</key>
		<dict>
			<key>fileRef</key>
			<string>F793B9CB1CE8B397003DA653</string>
			<key>isa</key>
			<string>PBXBuildFile</string>
		</dict>
		<key>F793B9CD1CE8B514003DA653</key>
		<dict>
			<key>isa</key>
			<string>PBXFileReference</string>
			<key>lastKnownFileType</key>
			<string>image.jpeg</string>
			<key>path</key>
			<string>header.jpg</string>
			<key>sourceTree</key>
			<string>&lt;group&gt;</string>
		</dict>
		<key>F793B9CE1CE8B514003DA653</key>
		<dict>
			<key>fileRef</key>
			<string>F793B9CD1CE8B514003DA653</string>
			<key>isa</key>
			<string>PBXBuildFile</string>
		</dict>
		<key>F7A9DC791CE737260086297E</key>
		<dict>
			<key>children</key>
			<array>
				<string>F7601F2B1CF5C8EB00C91186</string>
				<string>F7601F2D1CF5C9A000C91186</string>
				<string>F793B9CD1CE8B514003DA653</string>
				<string>F7089E0E1D411EEA00637998</string>
				<string>F7089E101D4129AB00637998</string>
				<string>F7A9DCB51CE73CE00086297E</string>
				<string>F7A9DC841CE737260086297E</string>
				<string>F7A9DC9B1CE737270086297E</string>
				<string>F7A9DCA61CE737270086297E</string>
				<string>F7A9DC831CE737260086297E</string>
				<string>9578AE2EA7F90872CF603D52</string>
				<string>12E3A81D47BE86ED3D1C33C7</string>
			</array>
			<key>isa</key>
			<string>PBXGroup</string>
			<key>sourceTree</key>
			<string>&lt;group&gt;</string>
		</dict>
		<key>F7A9DC7A1CE737260086297E</key>
		<dict>
			<key>attributes</key>
			<dict>
				<key>LastSwiftUpdateCheck</key>
				<string>0730</string>
				<key>LastUpgradeCheck</key>
				<string>0730</string>
				<key>ORGANIZATIONNAME</key>
				<string>Spirit Invoker</string>
				<key>TargetAttributes</key>
				<dict>
					<key>F7A9DC811CE737260086297E</key>
					<dict>
						<key>CreatedOnToolsVersion</key>
						<string>7.3.1</string>
						<key>DevelopmentTeam</key>
						<string>Y2G2D8HFRU</string>
						<key>LastSwiftMigration</key>
						<string>0800</string>
						<key>SystemCapabilities</key>
						<dict>
							<key>com.apple.Push</key>
							<dict>
								<key>enabled</key>
								<string>1</string>
							</dict>
						</dict>
					</dict>
					<key>F7A9DC971CE737270086297E</key>
					<dict>
						<key>CreatedOnToolsVersion</key>
						<string>7.3.1</string>
						<key>LastSwiftMigration</key>
						<string>0800</string>
						<key>TestTargetID</key>
						<string>F7A9DC811CE737260086297E</string>
					</dict>
					<key>F7A9DCA21CE737270086297E</key>
					<dict>
						<key>CreatedOnToolsVersion</key>
						<string>7.3.1</string>
						<key>LastSwiftMigration</key>
						<string>0800</string>
						<key>TestTargetID</key>
						<string>F7A9DC811CE737260086297E</string>
					</dict>
				</dict>
			</dict>
			<key>buildConfigurationList</key>
			<string>F7A9DC7D1CE737260086297E</string>
			<key>compatibilityVersion</key>
			<string>Xcode 3.2</string>
			<key>developmentRegion</key>
			<string>English</string>
			<key>hasScannedForEncodings</key>
			<string>0</string>
			<key>isa</key>
			<string>PBXProject</string>
			<key>knownRegions</key>
			<array>
				<string>en</string>
				<string>Base</string>
			</array>
			<key>mainGroup</key>
			<string>F7A9DC791CE737260086297E</string>
			<key>productRefGroup</key>
			<string>F7A9DC831CE737260086297E</string>
			<key>projectDirPath</key>
			<string></string>
			<key>projectReferences</key>
			<array/>
			<key>projectRoot</key>
			<string></string>
			<key>targets</key>
			<array>
				<string>F7A9DC811CE737260086297E</string>
				<string>F7A9DC971CE737270086297E</string>
				<string>F7A9DCA21CE737270086297E</string>
			</array>
		</dict>
		<key>F7A9DC7D1CE737260086297E</key>
		<dict>
			<key>buildConfigurations</key>
			<array>
				<string>F7A9DCAA1CE737270086297E</string>
				<string>F7A9DCAB1CE737270086297E</string>
			</array>
			<key>defaultConfigurationIsVisible</key>
			<string>0</string>
			<key>defaultConfigurationName</key>
			<string>Release</string>
			<key>isa</key>
			<string>XCConfigurationList</string>
		</dict>
		<key>F7A9DC7E1CE737260086297E</key>
		<dict>
			<key>buildActionMask</key>
			<string>2147483647</string>
			<key>files</key>
			<array>
				<string>F793B9CC1CE8B397003DA653</string>
				<string>F7F29E8A1CECBA8900A1BC9A</string>
				<string>F7F29E941CED2F0B00A1BC9A</string>
				<string>F7F29E8C1CECC9B200A1BC9A</string>
				<string>F7F29E8E1CED2BD300A1BC9A</string>
				<string>F7F29E841CEC69D200A1BC9A</string>
				<string>F7F29E861CECA9FB00A1BC9A</string>
				<string>F7A9DCB71CE73D6D0086297E</string>
				<string>F7E14CE51CE8A4EB009F24A2</string>
				<string>F7E14CE31CE8A08E009F24A2</string>
				<string>F7F29E901CED2E2A00A1BC9A</string>
				<string>F7A9DC861CE737270086297E</string>
				<string>F7E14CE11CE79B4D009F24A2</string>
				<string>F7A9DCC51CE76C7D0086297E</string>
				<string>F7F29E821CEC691A00A1BC9A</string>
				<string>F7F29E921CED2EF600A1BC9A</string>
			</array>
			<key>isa</key>
			<string>PBXSourcesBuildPhase</string>
			<key>runOnlyForDeploymentPostprocessing</key>
			<string>0</string>
		</dict>
		<key>F7A9DC7F1CE737260086297E</key>
		<dict>
			<key>buildActionMask</key>
			<string>2147483647</string>
			<key>files</key>
			<array>
				<string>F7F29E881CECB08E00A1BC9A</string>
				<string>413AABDFE1E219E7AA361EDF</string>
				<string>26CA1BABE5403073E4BCA65E</string>
			</array>
			<key>isa</key>
			<string>PBXFrameworksBuildPhase</string>
			<key>runOnlyForDeploymentPostprocessing</key>
			<string>0</string>
		</dict>
		<key>F7A9DC801CE737260086297E</key>
		<dict>
			<key>buildActionMask</key>
			<string>2147483647</string>
			<key>files</key>
			<array>
				<string>F7089E111D4129AB00637998</string>
				<string>F7A9DC921CE737270086297E</string>
				<string>F7089E0F1D411EEA00637998</string>
				<string>F7A9DC8D1CE737270086297E</string>
				<string>F733BA991D4B6BE6007A013E</string>
				<string>F7601F2C1CF5C8EB00C91186</string>
				<string>F793B9CE1CE8B514003DA653</string>
				<string>F7A9DCBD1CE752950086297E</string>
				<string>F7601F2E1CF5C9A000C91186</string>
			</array>
			<key>isa</key>
			<string>PBXResourcesBuildPhase</string>
			<key>runOnlyForDeploymentPostprocessing</key>
			<string>0</string>
		</dict>
		<key>F7A9DC811CE737260086297E</key>
		<dict>
			<key>buildConfigurationList</key>
			<string>F7A9DCAC1CE737270086297E</string>
			<key>buildPhases</key>
			<array>
				<string>D17A808AB0DE7642BC5B35F2</string>
				<string>F7A9DC7E1CE737260086297E</string>
				<string>F7A9DC7F1CE737260086297E</string>
				<string>F7A9DC801CE737260086297E</string>
				<string>D828D1706CE4E94836AFE692</string>
				<string>1BB85A91BEC3CCF230E51F08</string>
			</array>
			<key>buildRules</key>
			<array/>
			<key>dependencies</key>
			<array/>
			<key>isa</key>
			<string>PBXNativeTarget</string>
			<key>name</key>
			<string>SwingAout Festival</string>
			<key>productName</key>
			<string>Sofia Swing Dance Festival</string>
			<key>productReference</key>
			<string>F7A9DC821CE737260086297E</string>
			<key>productType</key>
			<string>com.apple.product-type.application</string>
		</dict>
		<key>F7A9DC821CE737260086297E</key>
		<dict>
			<key>explicitFileType</key>
			<string>wrapper.application</string>
			<key>includeInIndex</key>
			<string>0</string>
			<key>isa</key>
			<string>PBXFileReference</string>
			<key>path</key>
			<string>SwingAout Festival.app</string>
			<key>sourceTree</key>
			<string>BUILT_PRODUCTS_DIR</string>
		</dict>
		<key>F7A9DC831CE737260086297E</key>
		<dict>
			<key>children</key>
			<array>
				<string>F7A9DC821CE737260086297E</string>
				<string>F7A9DC981CE737270086297E</string>
				<string>F7A9DCA31CE737270086297E</string>
			</array>
			<key>isa</key>
			<string>PBXGroup</string>
			<key>name</key>
			<string>Products</string>
			<key>sourceTree</key>
			<string>&lt;group&gt;</string>
		</dict>
		<key>F7A9DC841CE737260086297E</key>
		<dict>
			<key>children</key>
			<array>
				<string>F7F29E831CEC69D200A1BC9A</string>
				<string>F7F29E891CECBA8900A1BC9A</string>
				<string>F7F29E931CED2F0B00A1BC9A</string>
				<string>F7F29E811CEC691A00A1BC9A</string>
				<string>F7A9DC851CE737270086297E</string>
				<string>F7A9DC8B1CE737270086297E</string>
				<string>F7A9DC901CE737270086297E</string>
				<string>F7A9DC931CE737270086297E</string>
				<string>F7A9DCBC1CE752950086297E</string>
				<string>F733BA981D4B6BE6007A013E</string>
				<string>F720B0BE1CEB5F4A00BD10E4</string>
			</array>
			<key>isa</key>
			<string>PBXGroup</string>
			<key>name</key>
			<string>SwingAout Festival</string>
			<key>path</key>
			<string>Sofia Swing Dance Festival</string>
			<key>sourceTree</key>
			<string>&lt;group&gt;</string>
		</dict>
		<key>F7A9DC851CE737270086297E</key>
		<dict>
			<key>isa</key>
			<string>PBXFileReference</string>
			<key>lastKnownFileType</key>
			<string>sourcecode.swift</string>
			<key>path</key>
			<string>AppDelegate.swift</string>
			<key>sourceTree</key>
			<string>&lt;group&gt;</string>
		</dict>
		<key>F7A9DC861CE737270086297E</key>
		<dict>
			<key>fileRef</key>
			<string>F7A9DC851CE737270086297E</string>
			<key>isa</key>
			<string>PBXBuildFile</string>
		</dict>
		<key>F7A9DC8B1CE737270086297E</key>
		<dict>
			<key>children</key>
			<array>
				<string>F7A9DC8C1CE737270086297E</string>
			</array>
			<key>isa</key>
			<string>PBXVariantGroup</string>
			<key>name</key>
			<string>Main.storyboard</string>
			<key>sourceTree</key>
			<string>&lt;group&gt;</string>
		</dict>
		<key>F7A9DC8C1CE737270086297E</key>
		<dict>
			<key>isa</key>
			<string>PBXFileReference</string>
			<key>lastKnownFileType</key>
			<string>file.storyboard</string>
			<key>name</key>
			<string>Base</string>
			<key>path</key>
			<string>Base.lproj/Main.storyboard</string>
			<key>sourceTree</key>
			<string>&lt;group&gt;</string>
		</dict>
		<key>F7A9DC8D1CE737270086297E</key>
		<dict>
			<key>fileRef</key>
			<string>F7A9DC8B1CE737270086297E</string>
			<key>isa</key>
			<string>PBXBuildFile</string>
		</dict>
		<key>F7A9DC901CE737270086297E</key>
		<dict>
			<key>children</key>
			<array>
				<string>F7A9DC911CE737270086297E</string>
			</array>
			<key>isa</key>
			<string>PBXVariantGroup</string>
			<key>name</key>
			<string>LaunchScreen.storyboard</string>
			<key>sourceTree</key>
			<string>&lt;group&gt;</string>
		</dict>
		<key>F7A9DC911CE737270086297E</key>
		<dict>
			<key>isa</key>
			<string>PBXFileReference</string>
			<key>lastKnownFileType</key>
			<string>file.storyboard</string>
			<key>name</key>
			<string>Base</string>
			<key>path</key>
			<string>Base.lproj/LaunchScreen.storyboard</string>
			<key>sourceTree</key>
			<string>&lt;group&gt;</string>
		</dict>
		<key>F7A9DC921CE737270086297E</key>
		<dict>
			<key>fileRef</key>
			<string>F7A9DC901CE737270086297E</string>
			<key>isa</key>
			<string>PBXBuildFile</string>
		</dict>
		<key>F7A9DC931CE737270086297E</key>
		<dict>
			<key>isa</key>
			<string>PBXFileReference</string>
			<key>lastKnownFileType</key>
			<string>text.plist.xml</string>
			<key>path</key>
			<string>Info.plist</string>
			<key>sourceTree</key>
			<string>&lt;group&gt;</string>
		</dict>
		<key>F7A9DC941CE737270086297E</key>
		<dict>
			<key>buildActionMask</key>
			<string>2147483647</string>
			<key>files</key>
			<array>
				<string>F7A9DC9D1CE737270086297E</string>
			</array>
			<key>isa</key>
			<string>PBXSourcesBuildPhase</string>
			<key>runOnlyForDeploymentPostprocessing</key>
			<string>0</string>
		</dict>
		<key>F7A9DC951CE737270086297E</key>
		<dict>
			<key>buildActionMask</key>
			<string>2147483647</string>
			<key>files</key>
			<array/>
			<key>isa</key>
			<string>PBXFrameworksBuildPhase</string>
			<key>runOnlyForDeploymentPostprocessing</key>
			<string>0</string>
		</dict>
		<key>F7A9DC961CE737270086297E</key>
		<dict>
			<key>buildActionMask</key>
			<string>2147483647</string>
			<key>files</key>
			<array/>
			<key>isa</key>
			<string>PBXResourcesBuildPhase</string>
			<key>runOnlyForDeploymentPostprocessing</key>
			<string>0</string>
		</dict>
		<key>F7A9DC971CE737270086297E</key>
		<dict>
			<key>buildConfigurationList</key>
			<string>F7A9DCAF1CE737270086297E</string>
			<key>buildPhases</key>
			<array>
				<string>F7A9DC941CE737270086297E</string>
				<string>F7A9DC951CE737270086297E</string>
				<string>F7A9DC961CE737270086297E</string>
			</array>
			<key>buildRules</key>
			<array/>
			<key>dependencies</key>
			<array>
				<string>F7A9DC9A1CE737270086297E</string>
			</array>
			<key>isa</key>
			<string>PBXNativeTarget</string>
			<key>name</key>
			<string>SwingAout FestivalTests</string>
			<key>productName</key>
			<string>Sofia Swing Dance FestivalTests</string>
			<key>productReference</key>
			<string>F7A9DC981CE737270086297E</string>
			<key>productType</key>
			<string>com.apple.product-type.bundle.unit-test</string>
		</dict>
		<key>F7A9DC981CE737270086297E</key>
		<dict>
			<key>explicitFileType</key>
			<string>wrapper.cfbundle</string>
			<key>includeInIndex</key>
			<string>0</string>
			<key>isa</key>
			<string>PBXFileReference</string>
			<key>path</key>
			<string>SwingAout Festival.xctest</string>
			<key>sourceTree</key>
			<string>BUILT_PRODUCTS_DIR</string>
		</dict>
		<key>F7A9DC991CE737270086297E</key>
		<dict>
			<key>containerPortal</key>
			<string>F7A9DC7A1CE737260086297E</string>
			<key>isa</key>
			<string>PBXContainerItemProxy</string>
			<key>proxyType</key>
			<string>1</string>
			<key>remoteGlobalIDString</key>
			<string>F7A9DC811CE737260086297E</string>
			<key>remoteInfo</key>
			<string>Sofia Swing Dance Festival</string>
		</dict>
		<key>F7A9DC9A1CE737270086297E</key>
		<dict>
			<key>isa</key>
			<string>PBXTargetDependency</string>
			<key>target</key>
			<string>F7A9DC811CE737260086297E</string>
			<key>targetProxy</key>
			<string>F7A9DC991CE737270086297E</string>
		</dict>
		<key>F7A9DC9B1CE737270086297E</key>
		<dict>
			<key>children</key>
			<array>
				<string>F7A9DC9C1CE737270086297E</string>
				<string>F7A9DC9E1CE737270086297E</string>
			</array>
			<key>isa</key>
			<string>PBXGroup</string>
			<key>path</key>
			<string>Sofia Swing Dance FestivalTests</string>
			<key>sourceTree</key>
			<string>&lt;group&gt;</string>
		</dict>
		<key>F7A9DC9C1CE737270086297E</key>
		<dict>
			<key>isa</key>
			<string>PBXFileReference</string>
			<key>lastKnownFileType</key>
			<string>sourcecode.swift</string>
			<key>path</key>
			<string>Sofia_Swing_Dance_FestivalTests.swift</string>
			<key>sourceTree</key>
			<string>&lt;group&gt;</string>
		</dict>
		<key>F7A9DC9D1CE737270086297E</key>
		<dict>
			<key>fileRef</key>
			<string>F7A9DC9C1CE737270086297E</string>
			<key>isa</key>
			<string>PBXBuildFile</string>
		</dict>
		<key>F7A9DC9E1CE737270086297E</key>
		<dict>
			<key>isa</key>
			<string>PBXFileReference</string>
			<key>lastKnownFileType</key>
			<string>text.plist.xml</string>
			<key>path</key>
			<string>Info.plist</string>
			<key>sourceTree</key>
			<string>&lt;group&gt;</string>
		</dict>
		<key>F7A9DC9F1CE737270086297E</key>
		<dict>
			<key>buildActionMask</key>
			<string>2147483647</string>
			<key>files</key>
			<array>
				<string>F7A9DCA81CE737270086297E</string>
			</array>
			<key>isa</key>
			<string>PBXSourcesBuildPhase</string>
			<key>runOnlyForDeploymentPostprocessing</key>
			<string>0</string>
		</dict>
		<key>F7A9DCA01CE737270086297E</key>
		<dict>
			<key>buildActionMask</key>
			<string>2147483647</string>
			<key>files</key>
			<array/>
			<key>isa</key>
			<string>PBXFrameworksBuildPhase</string>
			<key>runOnlyForDeploymentPostprocessing</key>
			<string>0</string>
		</dict>
		<key>F7A9DCA11CE737270086297E</key>
		<dict>
			<key>buildActionMask</key>
			<string>2147483647</string>
			<key>files</key>
			<array/>
			<key>isa</key>
			<string>PBXResourcesBuildPhase</string>
			<key>runOnlyForDeploymentPostprocessing</key>
			<string>0</string>
		</dict>
		<key>F7A9DCA21CE737270086297E</key>
		<dict>
			<key>buildConfigurationList</key>
			<string>F7A9DCB21CE737270086297E</string>
			<key>buildPhases</key>
			<array>
				<string>F7A9DC9F1CE737270086297E</string>
				<string>F7A9DCA01CE737270086297E</string>
				<string>F7A9DCA11CE737270086297E</string>
			</array>
			<key>buildRules</key>
			<array/>
			<key>dependencies</key>
			<array>
				<string>F7A9DCA51CE737270086297E</string>
			</array>
			<key>isa</key>
			<string>PBXNativeTarget</string>
			<key>name</key>
			<string>SwingAout FestivalUITests</string>
			<key>productName</key>
			<string>Sofia Swing Dance FestivalUITests</string>
			<key>productReference</key>
			<string>F7A9DCA31CE737270086297E</string>
			<key>productType</key>
			<string>com.apple.product-type.bundle.ui-testing</string>
		</dict>
		<key>F7A9DCA31CE737270086297E</key>
		<dict>
			<key>explicitFileType</key>
			<string>wrapper.cfbundle</string>
			<key>includeInIndex</key>
			<string>0</string>
			<key>isa</key>
			<string>PBXFileReference</string>
			<key>path</key>
			<string>SwingAout Festival.xctest</string>
			<key>sourceTree</key>
			<string>BUILT_PRODUCTS_DIR</string>
		</dict>
		<key>F7A9DCA41CE737270086297E</key>
		<dict>
			<key>containerPortal</key>
			<string>F7A9DC7A1CE737260086297E</string>
			<key>isa</key>
			<string>PBXContainerItemProxy</string>
			<key>proxyType</key>
			<string>1</string>
			<key>remoteGlobalIDString</key>
			<string>F7A9DC811CE737260086297E</string>
			<key>remoteInfo</key>
			<string>Sofia Swing Dance Festival</string>
		</dict>
		<key>F7A9DCA51CE737270086297E</key>
		<dict>
			<key>isa</key>
			<string>PBXTargetDependency</string>
			<key>target</key>
			<string>F7A9DC811CE737260086297E</string>
			<key>targetProxy</key>
			<string>F7A9DCA41CE737270086297E</string>
		</dict>
		<key>F7A9DCA61CE737270086297E</key>
		<dict>
			<key>children</key>
			<array>
				<string>F7A9DCA71CE737270086297E</string>
				<string>F7A9DCA91CE737270086297E</string>
			</array>
			<key>isa</key>
			<string>PBXGroup</string>
			<key>path</key>
			<string>Sofia Swing Dance FestivalUITests</string>
			<key>sourceTree</key>
			<string>&lt;group&gt;</string>
		</dict>
		<key>F7A9DCA71CE737270086297E</key>
		<dict>
			<key>isa</key>
			<string>PBXFileReference</string>
			<key>lastKnownFileType</key>
			<string>sourcecode.swift</string>
			<key>path</key>
			<string>Sofia_Swing_Dance_FestivalUITests.swift</string>
			<key>sourceTree</key>
			<string>&lt;group&gt;</string>
		</dict>
		<key>F7A9DCA81CE737270086297E</key>
		<dict>
			<key>fileRef</key>
			<string>F7A9DCA71CE737270086297E</string>
			<key>isa</key>
			<string>PBXBuildFile</string>
		</dict>
		<key>F7A9DCA91CE737270086297E</key>
		<dict>
			<key>isa</key>
			<string>PBXFileReference</string>
			<key>lastKnownFileType</key>
			<string>text.plist.xml</string>
			<key>path</key>
			<string>Info.plist</string>
			<key>sourceTree</key>
			<string>&lt;group&gt;</string>
		</dict>
		<key>F7A9DCAA1CE737270086297E</key>
		<dict>
			<key>buildSettings</key>
			<dict>
				<key>ALWAYS_SEARCH_USER_PATHS</key>
				<string>NO</string>
				<key>CLANG_ANALYZER_NONNULL</key>
				<string>YES</string>
				<key>CLANG_CXX_LANGUAGE_STANDARD</key>
				<string>gnu++0x</string>
				<key>CLANG_CXX_LIBRARY</key>
				<string>libc++</string>
				<key>CLANG_ENABLE_MODULES</key>
				<string>YES</string>
				<key>CLANG_ENABLE_OBJC_ARC</key>
				<string>YES</string>
				<key>CLANG_WARN_BOOL_CONVERSION</key>
				<string>YES</string>
				<key>CLANG_WARN_CONSTANT_CONVERSION</key>
				<string>YES</string>
				<key>CLANG_WARN_DIRECT_OBJC_ISA_USAGE</key>
				<string>YES_ERROR</string>
				<key>CLANG_WARN_EMPTY_BODY</key>
				<string>YES</string>
				<key>CLANG_WARN_ENUM_CONVERSION</key>
				<string>YES</string>
				<key>CLANG_WARN_INT_CONVERSION</key>
				<string>YES</string>
				<key>CLANG_WARN_OBJC_ROOT_CLASS</key>
				<string>YES_ERROR</string>
				<key>CLANG_WARN_UNREACHABLE_CODE</key>
				<string>YES</string>
				<key>CLANG_WARN__DUPLICATE_METHOD_MATCH</key>
				<string>YES</string>
				<key>CODE_SIGN_IDENTITY[sdk=iphoneos*]</key>
				<string>iPhone Developer</string>
				<key>COPY_PHASE_STRIP</key>
				<string>NO</string>
				<key>DEBUG_INFORMATION_FORMAT</key>
				<string>dwarf</string>
				<key>ENABLE_STRICT_OBJC_MSGSEND</key>
				<string>YES</string>
				<key>ENABLE_TESTABILITY</key>
				<string>YES</string>
				<key>GCC_C_LANGUAGE_STANDARD</key>
				<string>gnu99</string>
				<key>GCC_DYNAMIC_NO_PIC</key>
				<string>NO</string>
				<key>GCC_NO_COMMON_BLOCKS</key>
				<string>YES</string>
				<key>GCC_OPTIMIZATION_LEVEL</key>
				<string>0</string>
				<key>GCC_PREPROCESSOR_DEFINITIONS</key>
				<array>
					<string>DEBUG=1</string>
					<string>$(inherited)</string>
				</array>
				<key>GCC_WARN_64_TO_32_BIT_CONVERSION</key>
				<string>YES</string>
				<key>GCC_WARN_ABOUT_RETURN_TYPE</key>
				<string>YES_ERROR</string>
				<key>GCC_WARN_UNDECLARED_SELECTOR</key>
				<string>YES</string>
				<key>GCC_WARN_UNINITIALIZED_AUTOS</key>
				<string>YES_AGGRESSIVE</string>
				<key>GCC_WARN_UNUSED_FUNCTION</key>
				<string>YES</string>
				<key>GCC_WARN_UNUSED_VARIABLE</key>
				<string>YES</string>
				<key>IPHONEOS_DEPLOYMENT_TARGET</key>
				<string>9.3</string>
				<key>MTL_ENABLE_DEBUG_INFO</key>
				<string>YES</string>
				<key>ONLY_ACTIVE_ARCH</key>
				<string>YES</string>
				<key>SDKROOT</key>
				<string>iphoneos</string>
				<key>SWIFT_OPTIMIZATION_LEVEL</key>
				<string>-Onone</string>
				<key>TARGETED_DEVICE_FAMILY</key>
				<string>1,2</string>
			</dict>
			<key>isa</key>
			<string>XCBuildConfiguration</string>
			<key>name</key>
			<string>Debug</string>
		</dict>
		<key>F7A9DCAB1CE737270086297E</key>
		<dict>
			<key>buildSettings</key>
			<dict>
				<key>ALWAYS_SEARCH_USER_PATHS</key>
				<string>NO</string>
				<key>CLANG_ANALYZER_NONNULL</key>
				<string>YES</string>
				<key>CLANG_CXX_LANGUAGE_STANDARD</key>
				<string>gnu++0x</string>
				<key>CLANG_CXX_LIBRARY</key>
				<string>libc++</string>
				<key>CLANG_ENABLE_MODULES</key>
				<string>YES</string>
				<key>CLANG_ENABLE_OBJC_ARC</key>
				<string>YES</string>
				<key>CLANG_WARN_BOOL_CONVERSION</key>
				<string>YES</string>
				<key>CLANG_WARN_CONSTANT_CONVERSION</key>
				<string>YES</string>
				<key>CLANG_WARN_DIRECT_OBJC_ISA_USAGE</key>
				<string>YES_ERROR</string>
				<key>CLANG_WARN_EMPTY_BODY</key>
				<string>YES</string>
				<key>CLANG_WARN_ENUM_CONVERSION</key>
				<string>YES</string>
				<key>CLANG_WARN_INT_CONVERSION</key>
				<string>YES</string>
				<key>CLANG_WARN_OBJC_ROOT_CLASS</key>
				<string>YES_ERROR</string>
				<key>CLANG_WARN_UNREACHABLE_CODE</key>
				<string>YES</string>
				<key>CLANG_WARN__DUPLICATE_METHOD_MATCH</key>
				<string>YES</string>
				<key>CODE_SIGN_IDENTITY[sdk=iphoneos*]</key>
				<string>iPhone Developer</string>
				<key>COPY_PHASE_STRIP</key>
				<string>NO</string>
				<key>DEBUG_INFORMATION_FORMAT</key>
				<string>dwarf-with-dsym</string>
				<key>ENABLE_NS_ASSERTIONS</key>
				<string>NO</string>
				<key>ENABLE_STRICT_OBJC_MSGSEND</key>
				<string>YES</string>
				<key>GCC_C_LANGUAGE_STANDARD</key>
				<string>gnu99</string>
				<key>GCC_NO_COMMON_BLOCKS</key>
				<string>YES</string>
				<key>GCC_WARN_64_TO_32_BIT_CONVERSION</key>
				<string>YES</string>
				<key>GCC_WARN_ABOUT_RETURN_TYPE</key>
				<string>YES_ERROR</string>
				<key>GCC_WARN_UNDECLARED_SELECTOR</key>
				<string>YES</string>
				<key>GCC_WARN_UNINITIALIZED_AUTOS</key>
				<string>YES_AGGRESSIVE</string>
				<key>GCC_WARN_UNUSED_FUNCTION</key>
				<string>YES</string>
				<key>GCC_WARN_UNUSED_VARIABLE</key>
				<string>YES</string>
				<key>IPHONEOS_DEPLOYMENT_TARGET</key>
				<string>9.3</string>
				<key>MTL_ENABLE_DEBUG_INFO</key>
				<string>NO</string>
				<key>SDKROOT</key>
				<string>iphoneos</string>
				<key>TARGETED_DEVICE_FAMILY</key>
				<string>1,2</string>
				<key>VALIDATE_PRODUCT</key>
				<string>YES</string>
			</dict>
			<key>isa</key>
			<string>XCBuildConfiguration</string>
			<key>name</key>
			<string>Release</string>
		</dict>
		<key>F7A9DCAC1CE737270086297E</key>
		<dict>
			<key>buildConfigurations</key>
			<array>
				<string>F7A9DCAD1CE737270086297E</string>
				<string>F7A9DCAE1CE737270086297E</string>
			</array>
			<key>defaultConfigurationIsVisible</key>
			<string>0</string>
			<key>defaultConfigurationName</key>
			<string>Release</string>
			<key>isa</key>
			<string>XCConfigurationList</string>
		</dict>
		<key>F7A9DCAD1CE737270086297E</key>
		<dict>
			<key>baseConfigurationReference</key>
			<string>BAB720FAE395888114033DFC</string>
			<key>buildSettings</key>
			<dict>
				<key>ASSETCATALOG_COMPILER_APPICON_NAME</key>
				<string>AppIcon</string>
				<key>CODE_SIGN_IDENTITY</key>
				<string>iPhone Developer</string>
				<key>INFOPLIST_FILE</key>
				<string>Sofia Swing Dance Festival/Info.plist</string>
				<key>IPHONEOS_DEPLOYMENT_TARGET</key>
				<string>8.0</string>
				<key>LD_RUNPATH_SEARCH_PATHS</key>
				<string>$(inherited) @executable_path/Frameworks</string>
				<key>PRODUCT_BUNDLE_IDENTIFIER</key>
				<string>com.spiritinvoker.swingfestival.swingaout</string>
				<key>PRODUCT_NAME</key>
				<string>SwingAout Festival</string>
				<key>SWIFT_OBJC_BRIDGING_HEADER</key>
				<string>SSDF-Bridging-Header.h</string>
				<key>SWIFT_VERSION</key>
				<string>3.0</string>
			</dict>
			<key>isa</key>
			<string>XCBuildConfiguration</string>
			<key>name</key>
			<string>Debug</string>
		</dict>
		<key>F7A9DCAE1CE737270086297E</key>
		<dict>
			<key>baseConfigurationReference</key>
			<string>B372A6F7199827D8D5717F00</string>
			<key>buildSettings</key>
			<dict>
				<key>ASSETCATALOG_COMPILER_APPICON_NAME</key>
				<string>AppIcon</string>
				<key>CODE_SIGN_IDENTITY</key>
				<string>iPhone Developer</string>
				<key>INFOPLIST_FILE</key>
				<string>Sofia Swing Dance Festival/Info.plist</string>
				<key>IPHONEOS_DEPLOYMENT_TARGET</key>
				<string>8.0</string>
				<key>LD_RUNPATH_SEARCH_PATHS</key>
				<string>$(inherited) @executable_path/Frameworks</string>
				<key>PRODUCT_BUNDLE_IDENTIFIER</key>
				<string>com.spiritinvoker.swingfestival.swingaout</string>
				<key>PRODUCT_NAME</key>
				<string>SwingAout Festival</string>
				<key>SWIFT_OBJC_BRIDGING_HEADER</key>
				<string>SSDF-Bridging-Header.h</string>
				<key>SWIFT_VERSION</key>
				<string>3.0</string>
			</dict>
			<key>isa</key>
			<string>XCBuildConfiguration</string>
			<key>name</key>
			<string>Release</string>
		</dict>
		<key>F7A9DCAF1CE737270086297E</key>
		<dict>
			<key>buildConfigurations</key>
			<array>
				<string>F7A9DCB01CE737270086297E</string>
				<string>F7A9DCB11CE737270086297E</string>
			</array>
			<key>defaultConfigurationIsVisible</key>
			<string>0</string>
			<key>defaultConfigurationName</key>
			<string>Release</string>
			<key>isa</key>
			<string>XCConfigurationList</string>
		</dict>
		<key>F7A9DCB01CE737270086297E</key>
		<dict>
			<key>buildSettings</key>
			<dict>
				<key>BUNDLE_LOADER</key>
				<string>$(TEST_HOST)</string>
				<key>INFOPLIST_FILE</key>
				<string>Sofia Swing Dance FestivalTests/Info.plist</string>
				<key>LD_RUNPATH_SEARCH_PATHS</key>
				<string>$(inherited) @executable_path/Frameworks @loader_path/Frameworks</string>
				<key>PRODUCT_BUNDLE_IDENTIFIER</key>
				<string>com.spiritinvoker.Sofia-Swing-Dance-FestivalTests</string>
				<key>PRODUCT_NAME</key>
				<string>SwingAout Festival</string>
				<key>SWIFT_VERSION</key>
				<string>3.0</string>
				<key>TEST_HOST</key>
				<string>$(BUILT_PRODUCTS_DIR)/SwingAout Festival.app/SwingAout Festival</string>
			</dict>
			<key>isa</key>
			<string>XCBuildConfiguration</string>
			<key>name</key>
			<string>Debug</string>
		</dict>
		<key>F7A9DCB11CE737270086297E</key>
		<dict>
			<key>buildSettings</key>
			<dict>
				<key>BUNDLE_LOADER</key>
				<string>$(TEST_HOST)</string>
				<key>INFOPLIST_FILE</key>
				<string>Sofia Swing Dance FestivalTests/Info.plist</string>
				<key>LD_RUNPATH_SEARCH_PATHS</key>
				<string>$(inherited) @executable_path/Frameworks @loader_path/Frameworks</string>
				<key>PRODUCT_BUNDLE_IDENTIFIER</key>
				<string>com.spiritinvoker.Sofia-Swing-Dance-FestivalTests</string>
				<key>PRODUCT_NAME</key>
				<string>SwingAout Festival</string>
				<key>SWIFT_VERSION</key>
				<string>3.0</string>
				<key>TEST_HOST</key>
				<string>$(BUILT_PRODUCTS_DIR)/SwingAout Festival.app/SwingAout Festival</string>
			</dict>
			<key>isa</key>
			<string>XCBuildConfiguration</string>
			<key>name</key>
			<string>Release</string>
		</dict>
		<key>F7A9DCB21CE737270086297E</key>
		<dict>
			<key>buildConfigurations</key>
			<array>
				<string>F7A9DCB31CE737270086297E</string>
				<string>F7A9DCB41CE737270086297E</string>
			</array>
			<key>defaultConfigurationIsVisible</key>
			<string>0</string>
			<key>defaultConfigurationName</key>
			<string>Release</string>
			<key>isa</key>
			<string>XCConfigurationList</string>
		</dict>
		<key>F7A9DCB31CE737270086297E</key>
		<dict>
			<key>buildSettings</key>
			<dict>
				<key>INFOPLIST_FILE</key>
				<string>Sofia Swing Dance FestivalUITests/Info.plist</string>
				<key>LD_RUNPATH_SEARCH_PATHS</key>
				<string>$(inherited) @executable_path/Frameworks @loader_path/Frameworks</string>
				<key>PRODUCT_BUNDLE_IDENTIFIER</key>
				<string>com.spiritinvoker.Sofia-Swing-Dance-FestivalUITests</string>
				<key>PRODUCT_NAME</key>
				<string>SwingAout Festival</string>
				<key>SWIFT_VERSION</key>
				<string>3.0</string>
				<key>TEST_TARGET_NAME</key>
				<string>Sofia Swing Dance Festival</string>
			</dict>
			<key>isa</key>
			<string>XCBuildConfiguration</string>
			<key>name</key>
			<string>Debug</string>
		</dict>
		<key>F7A9DCB41CE737270086297E</key>
		<dict>
			<key>buildSettings</key>
			<dict>
				<key>INFOPLIST_FILE</key>
				<string>Sofia Swing Dance FestivalUITests/Info.plist</string>
				<key>LD_RUNPATH_SEARCH_PATHS</key>
				<string>$(inherited) @executable_path/Frameworks @loader_path/Frameworks</string>
				<key>PRODUCT_BUNDLE_IDENTIFIER</key>
				<string>com.spiritinvoker.Sofia-Swing-Dance-FestivalUITests</string>
				<key>PRODUCT_NAME</key>
				<string>SwingAout Festival</string>
				<key>SWIFT_VERSION</key>
				<string>3.0</string>
				<key>TEST_TARGET_NAME</key>
				<string>Sofia Swing Dance Festival</string>
			</dict>
			<key>isa</key>
			<string>XCBuildConfiguration</string>
			<key>name</key>
			<string>Release</string>
		</dict>
		<key>F7A9DCB51CE73CE00086297E</key>
		<dict>
			<key>children</key>
			<array>
				<string>F7A9DCB61CE73D6D0086297E</string>
				<string>F793B9CB1CE8B397003DA653</string>
				<string>F7A9DCC41CE76C7D0086297E</string>
				<string>F7E14CE01CE79B4D009F24A2</string>
				<string>F7E14CE21CE8A08E009F24A2</string>
				<string>F7E14CE41CE8A4EB009F24A2</string>
				<string>F7F29E851CECA9FB00A1BC9A</string>
				<string>F7F29E8B1CECC9B200A1BC9A</string>
				<string>F7F29E8D1CED2BD300A1BC9A</string>
				<string>F7F29E8F1CED2E2A00A1BC9A</string>
				<string>F7F29E911CED2EF600A1BC9A</string>
			</array>
			<key>isa</key>
			<string>PBXGroup</string>
			<key>name</key>
			<string>Controllers</string>
			<key>path</key>
			<string>Sofia Swing Dance Festival/Controllers</string>
			<key>sourceTree</key>
			<string>&lt;group&gt;</string>
		</dict>
		<key>F7A9DCB61CE73D6D0086297E</key>
		<dict>
			<key>fileEncoding</key>
			<string>4</string>
			<key>isa</key>
			<string>PBXFileReference</string>
			<key>lastKnownFileType</key>
			<string>sourcecode.swift</string>
			<key>path</key>
			<string>NewsController.swift</string>
			<key>sourceTree</key>
			<string>&lt;group&gt;</string>
		</dict>
		<key>F7A9DCB71CE73D6D0086297E</key>
		<dict>
			<key>fileRef</key>
			<string>F7A9DCB61CE73D6D0086297E</string>
			<key>isa</key>
			<string>PBXBuildFile</string>
		</dict>
		<key>F7A9DCBC1CE752950086297E</key>
		<dict>
			<key>isa</key>
			<string>PBXFileReference</string>
			<key>lastKnownFileType</key>
			<string>folder.assetcatalog</string>
			<key>path</key>
			<string>Media.xcassets</string>
			<key>sourceTree</key>
			<string>&lt;group&gt;</string>
		</dict>
		<key>F7A9DCBD1CE752950086297E</key>
		<dict>
			<key>fileRef</key>
			<string>F7A9DCBC1CE752950086297E</string>
			<key>isa</key>
			<string>PBXBuildFile</string>
		</dict>
		<key>F7A9DCC41CE76C7D0086297E</key>
		<dict>
			<key>fileEncoding</key>
			<string>4</string>
			<key>isa</key>
			<string>PBXFileReference</string>
			<key>lastKnownFileType</key>
			<string>sourcecode.swift</string>
			<key>path</key>
			<string>TeachersController.swift</string>
			<key>sourceTree</key>
			<string>&lt;group&gt;</string>
		</dict>
		<key>F7A9DCC51CE76C7D0086297E</key>
		<dict>
			<key>fileRef</key>
			<string>F7A9DCC41CE76C7D0086297E</string>
			<key>isa</key>
			<string>PBXBuildFile</string>
		</dict>
		<key>F7E14CE01CE79B4D009F24A2</key>
		<dict>
			<key>fileEncoding</key>
			<string>4</string>
			<key>isa</key>
			<string>PBXFileReference</string>
			<key>lastKnownFileType</key>
			<string>sourcecode.swift</string>
			<key>path</key>
			<string>InstructorPageViewController.swift</string>
			<key>sourceTree</key>
			<string>&lt;group&gt;</string>
		</dict>
		<key>F7E14CE11CE79B4D009F24A2</key>
		<dict>
			<key>fileRef</key>
			<string>F7E14CE01CE79B4D009F24A2</string>
			<key>isa</key>
			<string>PBXBuildFile</string>
		</dict>
		<key>F7E14CE21CE8A08E009F24A2</key>
		<dict>
			<key>fileEncoding</key>
			<string>4</string>
			<key>isa</key>
			<string>PBXFileReference</string>
			<key>lastKnownFileType</key>
			<string>sourcecode.swift</string>
			<key>path</key>
			<string>ContactController.swift</string>
			<key>sourceTree</key>
			<string>&lt;group&gt;</string>
		</dict>
		<key>F7E14CE31CE8A08E009F24A2</key>
		<dict>
			<key>fileRef</key>
			<string>F7E14CE21CE8A08E009F24A2</string>
			<key>isa</key>
			<string>PBXBuildFile</string>
		</dict>
		<key>F7E14CE41CE8A4EB009F24A2</key>
		<dict>
			<key>fileEncoding</key>
			<string>4</string>
			<key>isa</key>
			<string>PBXFileReference</string>
			<key>lastKnownFileType</key>
			<string>sourcecode.swift</string>
			<key>path</key>
			<string>CompetitionsController.swift</string>
			<key>sourceTree</key>
			<string>&lt;group&gt;</string>
		</dict>
		<key>F7E14CE51CE8A4EB009F24A2</key>
		<dict>
			<key>fileRef</key>
			<string>F7E14CE41CE8A4EB009F24A2</string>
			<key>isa</key>
			<string>PBXBuildFile</string>
		</dict>
		<key>F7F29E811CEC691A00A1BC9A</key>
		<dict>
			<key>fileEncoding</key>
			<string>4</string>
			<key>isa</key>
			<string>PBXFileReference</string>
			<key>lastKnownFileType</key>
			<string>sourcecode.swift</string>
			<key>path</key>
			<string>json.swift</string>
			<key>sourceTree</key>
			<string>&lt;group&gt;</string>
		</dict>
		<key>F7F29E821CEC691A00A1BC9A</key>
		<dict>
			<key>fileRef</key>
			<string>F7F29E811CEC691A00A1BC9A</string>
			<key>isa</key>
			<string>PBXBuildFile</string>
		</dict>
		<key>F7F29E831CEC69D200A1BC9A</key>
		<dict>
			<key>fileEncoding</key>
			<string>4</string>
			<key>isa</key>
			<string>PBXFileReference</string>
			<key>lastKnownFileType</key>
			<string>sourcecode.swift</string>
			<key>path</key>
			<string>Feed.swift</string>
			<key>sourceTree</key>
			<string>&lt;group&gt;</string>
		</dict>
		<key>F7F29E841CEC69D200A1BC9A</key>
		<dict>
			<key>fileRef</key>
			<string>F7F29E831CEC69D200A1BC9A</string>
			<key>isa</key>
			<string>PBXBuildFile</string>
		</dict>
		<key>F7F29E851CECA9FB00A1BC9A</key>
		<dict>
			<key>fileEncoding</key>
			<string>4</string>
			<key>isa</key>
			<string>PBXFileReference</string>
			<key>lastKnownFileType</key>
			<string>sourcecode.swift</string>
			<key>path</key>
			<string>PlacesViewController.swift</string>
			<key>sourceTree</key>
			<string>&lt;group&gt;</string>
		</dict>
		<key>F7F29E861CECA9FB00A1BC9A</key>
		<dict>
			<key>fileRef</key>
			<string>F7F29E851CECA9FB00A1BC9A</string>
			<key>isa</key>
			<string>PBXBuildFile</string>
		</dict>
		<key>F7F29E871CECB08E00A1BC9A</key>
		<dict>
			<key>isa</key>
			<string>PBXFileReference</string>
			<key>lastKnownFileType</key>
			<string>wrapper.framework</string>
			<key>name</key>
			<string>CoreLocation.framework</string>
			<key>path</key>
			<string>System/Library/Frameworks/CoreLocation.framework</string>
			<key>sourceTree</key>
			<string>SDKROOT</string>
		</dict>
		<key>F7F29E881CECB08E00A1BC9A</key>
		<dict>
			<key>fileRef</key>
			<string>F7F29E871CECB08E00A1BC9A</string>
			<key>isa</key>
			<string>PBXBuildFile</string>
		</dict>
		<key>F7F29E891CECBA8900A1BC9A</key>
		<dict>
			<key>fileEncoding</key>
			<string>4</string>
			<key>isa</key>
			<string>PBXFileReference</string>
			<key>lastKnownFileType</key>
			<string>sourcecode.swift</string>
			<key>path</key>
			<string>Location.swift</string>
			<key>sourceTree</key>
			<string>&lt;group&gt;</string>
		</dict>
		<key>F7F29E8A1CECBA8900A1BC9A</key>
		<dict>
			<key>fileRef</key>
			<string>F7F29E891CECBA8900A1BC9A</string>
			<key>isa</key>
			<string>PBXBuildFile</string>
		</dict>
		<key>F7F29E8B1CECC9B200A1BC9A</key>
		<dict>
			<key>fileEncoding</key>
			<string>4</string>
			<key>isa</key>
			<string>PBXFileReference</string>
			<key>lastKnownFileType</key>
			<string>sourcecode.swift</string>
			<key>path</key>
			<string>LocationCellTableViewCell.swift</string>
			<key>sourceTree</key>
			<string>&lt;group&gt;</string>
		</dict>
		<key>F7F29E8C1CECC9B200A1BC9A</key>
		<dict>
			<key>fileRef</key>
			<string>F7F29E8B1CECC9B200A1BC9A</string>
			<key>isa</key>
			<string>PBXBuildFile</string>
		</dict>
		<key>F7F29E8D1CED2BD300A1BC9A</key>
		<dict>
			<key>fileEncoding</key>
			<string>4</string>
			<key>isa</key>
			<string>PBXFileReference</string>
			<key>lastKnownFileType</key>
			<string>sourcecode.swift</string>
			<key>path</key>
			<string>ProgramaTableViewController.swift</string>
			<key>sourceTree</key>
			<string>&lt;group&gt;</string>
		</dict>
		<key>F7F29E8E1CED2BD300A1BC9A</key>
		<dict>
			<key>fileRef</key>
			<string>F7F29E8D1CED2BD300A1BC9A</string>
			<key>isa</key>
			<string>PBXBuildFile</string>
		</dict>
		<key>F7F29E8F1CED2E2A00A1BC9A</key>
		<dict>
			<key>fileEncoding</key>
			<string>4</string>
			<key>isa</key>
			<string>PBXFileReference</string>
			<key>lastKnownFileType</key>
			<string>sourcecode.swift</string>
			<key>path</key>
			<string>ProgramaPageTableViewController.swift</string>
			<key>sourceTree</key>
			<string>&lt;group&gt;</string>
		</dict>
		<key>F7F29E901CED2E2A00A1BC9A</key>
		<dict>
			<key>fileRef</key>
			<string>F7F29E8F1CED2E2A00A1BC9A</string>
			<key>isa</key>
			<string>PBXBuildFile</string>
		</dict>
		<key>F7F29E911CED2EF600A1BC9A</key>
		<dict>
			<key>fileEncoding</key>
			<string>4</string>
			<key>isa</key>
			<string>PBXFileReference</string>
			<key>lastKnownFileType</key>
			<string>sourcecode.swift</string>
			<key>path</key>
			<string>ProgaramaPageTableViewCell.swift</string>
			<key>sourceTree</key>
			<string>&lt;group&gt;</string>
		</dict>
		<key>F7F29E921CED2EF600A1BC9A</key>
		<dict>
			<key>fileRef</key>
			<string>F7F29E911CED2EF600A1BC9A</string>
			<key>isa</key>
			<string>PBXBuildFile</string>
		</dict>
		<key>F7F29E931CED2F0B00A1BC9A</key>
		<dict>
			<key>fileEncoding</key>
			<string>4</string>
			<key>isa</key>
			<string>PBXFileReference</string>
			<key>lastKnownFileType</key>
			<string>sourcecode.swift</string>
			<key>path</key>
			<string>Programa.swift</string>
			<key>sourceTree</key>
			<string>&lt;group&gt;</string>
		</dict>
		<key>F7F29E941CED2F0B00A1BC9A</key>
		<dict>
			<key>fileRef</key>
			<string>F7F29E931CED2F0B00A1BC9A</string>
			<key>isa</key>
			<string>PBXBuildFile</string>
		</dict>
		<key>FEA7C3340BF4BD43AB6C81DB</key>
		<dict>
			<key>explicitFileType</key>
			<string>wrapper.framework</string>
			<key>includeInIndex</key>
			<string>0</string>
			<key>isa</key>
			<string>PBXFileReference</string>
			<key>path</key>
			<string>Pods_Sofia_Swing_Dance_Festival.framework</string>
			<key>sourceTree</key>
			<string>BUILT_PRODUCTS_DIR</string>
		</dict>
	</dict>
	<key>rootObject</key>
	<string>F7A9DC7A1CE737260086297E</string>
</dict>
</plist>
